// !$*UTF8*$!
{
	archiveVersion = 1;
	classes = {
	};
	objectVersion = 56;
	objects = {

/* Begin PBXBuildFile section */
		53506CB12956AA340069F788 /* Kingfisher in Frameworks */ = {isa = PBXBuildFile; productRef = 53506CB02956AA340069F788 /* Kingfisher */; };
		53506CB5295831520069F788 /* twicon.otf in Resources */ = {isa = PBXBuildFile; fileRef = 53506CB4295831520069F788 /* twicon.otf */; };
		53D2A7052950B0FE00B997CC /* KaohsiungMRTNaviApp.swift in Sources */ = {isa = PBXBuildFile; fileRef = 53D2A7042950B0FE00B997CC /* KaohsiungMRTNaviApp.swift */; };
		53D2A7072950B0FE00B997CC /* ContentView.swift in Sources */ = {isa = PBXBuildFile; fileRef = 53D2A7062950B0FE00B997CC /* ContentView.swift */; };
		53D2A7092950B10000B997CC /* Assets.xcassets in Resources */ = {isa = PBXBuildFile; fileRef = 53D2A7082950B10000B997CC /* Assets.xcassets */; };
		53D2A70C2950B10000B997CC /* Preview Assets.xcassets in Resources */ = {isa = PBXBuildFile; fileRef = 53D2A70B2950B10000B997CC /* Preview Assets.xcassets */; };
		53D2A7162950B10000B997CC /* Kaohsiung_MRT_NaviTests.swift in Sources */ = {isa = PBXBuildFile; fileRef = 53D2A7152950B10000B997CC /* Kaohsiung_MRT_NaviTests.swift */; };
		53D2A7202950B10000B997CC /* Kaohsiung_MRT_NaviUITests.swift in Sources */ = {isa = PBXBuildFile; fileRef = 53D2A71F2950B10000B997CC /* Kaohsiung_MRT_NaviUITests.swift */; };
		53D2A7222950B10000B997CC /* Kaohsiung_MRT_NaviUITestsLaunchTests.swift in Sources */ = {isa = PBXBuildFile; fileRef = 53D2A7212950B10000B997CC /* Kaohsiung_MRT_NaviUITestsLaunchTests.swift */; };
		53D2A73829561E6900B997CC /* kmrt.json in Resources */ = {isa = PBXBuildFile; fileRef = 53D2A73629561E6900B997CC /* kmrt.json */; };
		53D2A73929561E6900B997CC /* kmrt.json in Resources */ = {isa = PBXBuildFile; fileRef = 53D2A73629561E6900B997CC /* kmrt.json */; };
		53D2A73A29561E6900B997CC /* kmrt.json in Resources */ = {isa = PBXBuildFile; fileRef = 53D2A73629561E6900B997CC /* kmrt.json */; };
		53D2A73B29561E6900B997CC /* kmrt_station_time_fee.json in Resources */ = {isa = PBXBuildFile; fileRef = 53D2A73729561E6900B997CC /* kmrt_station_time_fee.json */; };
		53D2A73C29561E6900B997CC /* kmrt_station_time_fee.json in Resources */ = {isa = PBXBuildFile; fileRef = 53D2A73729561E6900B997CC /* kmrt_station_time_fee.json */; };
		53D2A73D29561E6900B997CC /* kmrt_station_time_fee.json in Resources */ = {isa = PBXBuildFile; fileRef = 53D2A73729561E6900B997CC /* kmrt_station_time_fee.json */; };
		53D2A73F29561ED500B997CC /* TabBarView.swift in Sources */ = {isa = PBXBuildFile; fileRef = 53D2A73E29561ED500B997CC /* TabBarView.swift */; };
		53D2A74029561ED500B997CC /* TabBarView.swift in Sources */ = {isa = PBXBuildFile; fileRef = 53D2A73E29561ED500B997CC /* TabBarView.swift */; };
		53D2A74129561ED500B997CC /* TabBarView.swift in Sources */ = {isa = PBXBuildFile; fileRef = 53D2A73E29561ED500B997CC /* TabBarView.swift */; };
		53D2A7432956245000B997CC /* ContentView.swift in Sources */ = {isa = PBXBuildFile; fileRef = 53D2A7062950B0FE00B997CC /* ContentView.swift */; };
		53D2A7442956245000B997CC /* ContentView.swift in Sources */ = {isa = PBXBuildFile; fileRef = 53D2A7062950B0FE00B997CC /* ContentView.swift */; };
		53D2A74A295626B600B997CC /* Localizable.strings in Resources */ = {isa = PBXBuildFile; fileRef = 53D2A74E295626B600B997CC /* Localizable.strings */; };
		53D2A74B295626B600B997CC /* Localizable.strings in Resources */ = {isa = PBXBuildFile; fileRef = 53D2A74E295626B600B997CC /* Localizable.strings */; };
		53D2A74C295626B600B997CC /* Localizable.strings in Resources */ = {isa = PBXBuildFile; fileRef = 53D2A74E295626B600B997CC /* Localizable.strings */; };
		53D2A7582956286800B997CC /* Info.plist in Resources */ = {isa = PBXBuildFile; fileRef = 53D2A7562956286800B997CC /* Info.plist */; };
		53D2A7592956286800B997CC /* Info.plist in Resources */ = {isa = PBXBuildFile; fileRef = 53D2A7562956286800B997CC /* Info.plist */; };
/* End PBXBuildFile section */

/* Begin PBXContainerItemProxy section */
		53D2A7122950B10000B997CC /* PBXContainerItemProxy */ = {
			isa = PBXContainerItemProxy;
			containerPortal = 53D2A6F92950B0FE00B997CC /* Project object */;
			proxyType = 1;
			remoteGlobalIDString = 53D2A7002950B0FE00B997CC;
			remoteInfo = "Kaohsiung MRT Navi";
		};
		53D2A71C2950B10000B997CC /* PBXContainerItemProxy */ = {
			isa = PBXContainerItemProxy;
			containerPortal = 53D2A6F92950B0FE00B997CC /* Project object */;
			proxyType = 1;
			remoteGlobalIDString = 53D2A7002950B0FE00B997CC;
			remoteInfo = "Kaohsiung MRT Navi";
		};
/* End PBXContainerItemProxy section */

/* Begin PBXFileReference section */
		53506CB4295831520069F788 /* twicon.otf */ = {isa = PBXFileReference; lastKnownFileType = file; path = twicon.otf; sourceTree = "<group>"; };
		53D2A7012950B0FE00B997CC /* Kaohsiung MRT Navi.app */ = {isa = PBXFileReference; explicitFileType = wrapper.application; includeInIndex = 0; path = "Kaohsiung MRT Navi.app"; sourceTree = BUILT_PRODUCTS_DIR; };
		53D2A7042950B0FE00B997CC /* KaohsiungMRTNaviApp.swift */ = {isa = PBXFileReference; lastKnownFileType = sourcecode.swift; path = KaohsiungMRTNaviApp.swift; sourceTree = "<group>"; };
		53D2A7062950B0FE00B997CC /* ContentView.swift */ = {isa = PBXFileReference; lastKnownFileType = sourcecode.swift; path = ContentView.swift; sourceTree = "<group>"; };
		53D2A7082950B10000B997CC /* Assets.xcassets */ = {isa = PBXFileReference; lastKnownFileType = folder.assetcatalog; path = Assets.xcassets; sourceTree = "<group>"; };
		53D2A70B2950B10000B997CC /* Preview Assets.xcassets */ = {isa = PBXFileReference; lastKnownFileType = folder.assetcatalog; path = "Preview Assets.xcassets"; sourceTree = "<group>"; };
		53D2A7112950B10000B997CC /* Kaohsiung MRT NaviTests.xctest */ = {isa = PBXFileReference; explicitFileType = wrapper.cfbundle; includeInIndex = 0; path = "Kaohsiung MRT NaviTests.xctest"; sourceTree = BUILT_PRODUCTS_DIR; };
		53D2A7152950B10000B997CC /* Kaohsiung_MRT_NaviTests.swift */ = {isa = PBXFileReference; lastKnownFileType = sourcecode.swift; path = Kaohsiung_MRT_NaviTests.swift; sourceTree = "<group>"; };
		53D2A71B2950B10000B997CC /* Kaohsiung MRT NaviUITests.xctest */ = {isa = PBXFileReference; explicitFileType = wrapper.cfbundle; includeInIndex = 0; path = "Kaohsiung MRT NaviUITests.xctest"; sourceTree = BUILT_PRODUCTS_DIR; };
		53D2A71F2950B10000B997CC /* Kaohsiung_MRT_NaviUITests.swift */ = {isa = PBXFileReference; lastKnownFileType = sourcecode.swift; path = Kaohsiung_MRT_NaviUITests.swift; sourceTree = "<group>"; };
		53D2A7212950B10000B997CC /* Kaohsiung_MRT_NaviUITestsLaunchTests.swift */ = {isa = PBXFileReference; lastKnownFileType = sourcecode.swift; path = Kaohsiung_MRT_NaviUITestsLaunchTests.swift; sourceTree = "<group>"; };
		53D2A73629561E6900B997CC /* kmrt.json */ = {isa = PBXFileReference; fileEncoding = 4; lastKnownFileType = text.json; path = kmrt.json; sourceTree = "<group>"; };
		53D2A73729561E6900B997CC /* kmrt_station_time_fee.json */ = {isa = PBXFileReference; fileEncoding = 4; lastKnownFileType = text.json; path = kmrt_station_time_fee.json; sourceTree = "<group>"; };
		53D2A73E29561ED500B997CC /* TabBarView.swift */ = {isa = PBXFileReference; lastKnownFileType = sourcecode.swift; path = TabBarView.swift; sourceTree = "<group>"; };
		53D2A74D295626B600B997CC /* en */ = {isa = PBXFileReference; lastKnownFileType = text.plist.strings; name = en; path = en.lproj/Localizable.strings; sourceTree = "<group>"; };
		53D2A74F295626BA00B997CC /* zh-Hant */ = {isa = PBXFileReference; lastKnownFileType = text.plist.strings; name = "zh-Hant"; path = "zh-Hant.lproj/Localizable.strings"; sourceTree = "<group>"; };
		53D2A750295626BB00B997CC /* ja */ = {isa = PBXFileReference; lastKnownFileType = text.plist.strings; name = ja; path = ja.lproj/Localizable.strings; sourceTree = "<group>"; };
		53D2A751295626BC00B997CC /* ko */ = {isa = PBXFileReference; lastKnownFileType = text.plist.strings; name = ko; path = ko.lproj/Localizable.strings; sourceTree = "<group>"; };
		53D2A7562956286800B997CC /* Info.plist */ = {isa = PBXFileReference; fileEncoding = 4; lastKnownFileType = text.plist.xml; path = Info.plist; sourceTree = "<group>"; };
/* End PBXFileReference section */

/* Begin PBXFrameworksBuildPhase section */
		53D2A6FE2950B0FE00B997CC /* Frameworks */ = {
			isa = PBXFrameworksBuildPhase;
			buildActionMask = 2147483647;
			files = (
				53506CB12956AA340069F788 /* Kingfisher in Frameworks */,
			);
			runOnlyForDeploymentPostprocessing = 0;
		};
		53D2A70E2950B10000B997CC /* Frameworks */ = {
			isa = PBXFrameworksBuildPhase;
			buildActionMask = 2147483647;
			files = (
			);
			runOnlyForDeploymentPostprocessing = 0;
		};
		53D2A7182950B10000B997CC /* Frameworks */ = {
			isa = PBXFrameworksBuildPhase;
			buildActionMask = 2147483647;
			files = (
			);
			runOnlyForDeploymentPostprocessing = 0;
		};
/* End PBXFrameworksBuildPhase section */

/* Begin PBXGroup section */
		53D2A6F82950B0FE00B997CC = {
			isa = PBXGroup;
			children = (
				53D2A7032950B0FE00B997CC /* Kaohsiung MRT Navi */,
				53D2A7142950B10000B997CC /* Kaohsiung MRT NaviTests */,
				53D2A71E2950B10000B997CC /* Kaohsiung MRT NaviUITests */,
				53D2A7022950B0FE00B997CC /* Products */,
			);
			sourceTree = "<group>";
		};
		53D2A7022950B0FE00B997CC /* Products */ = {
			isa = PBXGroup;
			children = (
				53D2A7012950B0FE00B997CC /* Kaohsiung MRT Navi.app */,
				53D2A7112950B10000B997CC /* Kaohsiung MRT NaviTests.xctest */,
				53D2A71B2950B10000B997CC /* Kaohsiung MRT NaviUITests.xctest */,
			);
			name = Products;
			sourceTree = "<group>";
		};
		53D2A7032950B0FE00B997CC /* Kaohsiung MRT Navi */ = {
			isa = PBXGroup;
			children = (
				53D2A73229561C7A00B997CC /* Data */,
				53D2A73529561C8A00B997CC /* Extension */,
				53D2A73129561C7500B997CC /* Model */,
				53D2A70A2950B10000B997CC /* Preview Content */,
				53D2A73429561C8400B997CC /* Service */,
				53D2A72E29561C4D00B997CC /* View */,
				53D2A72F29561C5300B997CC /* ViewModel */,
				53D2A7082950B10000B997CC /* Assets.xcassets */,
				53D2A7562956286800B997CC /* Info.plist */,
				53D2A7042950B0FE00B997CC /* KaohsiungMRTNaviApp.swift */,
			);
			path = "Kaohsiung MRT Navi";
			sourceTree = "<group>";
		};
		53D2A70A2950B10000B997CC /* Preview Content */ = {
			isa = PBXGroup;
			children = (
				53D2A70B2950B10000B997CC /* Preview Assets.xcassets */,
			);
			path = "Preview Content";
			sourceTree = "<group>";
		};
		53D2A7142950B10000B997CC /* Kaohsiung MRT NaviTests */ = {
			isa = PBXGroup;
			children = (
				53D2A7152950B10000B997CC /* Kaohsiung_MRT_NaviTests.swift */,
			);
			path = "Kaohsiung MRT NaviTests";
			sourceTree = "<group>";
		};
		53D2A71E2950B10000B997CC /* Kaohsiung MRT NaviUITests */ = {
			isa = PBXGroup;
			children = (
				53D2A71F2950B10000B997CC /* Kaohsiung_MRT_NaviUITests.swift */,
				53D2A7212950B10000B997CC /* Kaohsiung_MRT_NaviUITestsLaunchTests.swift */,
			);
			path = "Kaohsiung MRT NaviUITests";
			sourceTree = "<group>";
		};
		53D2A72E29561C4D00B997CC /* View */ = {
			isa = PBXGroup;
			children = (
				53D2A74229561ED900B997CC /* Component */,
				53D2A7062950B0FE00B997CC /* ContentView.swift */,
				53D2A73E29561ED500B997CC /* TabBarView.swift */,
			);
			path = View;
			sourceTree = "<group>";
		};
		53D2A72F29561C5300B997CC /* ViewModel */ = {
			isa = PBXGroup;
			children = (
			);
			path = ViewModel;
			sourceTree = "<group>";
		};
		53D2A73129561C7500B997CC /* Model */ = {
			isa = PBXGroup;
			children = (
			);
			path = Model;
			sourceTree = "<group>";
		};
		53D2A73229561C7A00B997CC /* Data */ = {
			isa = PBXGroup;
			children = (
				53D2A73629561E6900B997CC /* kmrt.json */,
				53D2A73729561E6900B997CC /* kmrt_station_time_fee.json */,
				53D2A74E295626B600B997CC /* Localizable.strings */,
				53506CB4295831520069F788 /* twicon.otf */,
			);
			path = Data;
			sourceTree = "<group>";
		};
		53D2A73429561C8400B997CC /* Service */ = {
			isa = PBXGroup;
			children = (
			);
			path = Service;
			sourceTree = "<group>";
		};
		53D2A73529561C8A00B997CC /* Extension */ = {
			isa = PBXGroup;
			children = (
			);
			path = Extension;
			sourceTree = "<group>";
		};
		53D2A74229561ED900B997CC /* Component */ = {
			isa = PBXGroup;
			children = (
			);
			path = Component;
			sourceTree = "<group>";
		};
/* End PBXGroup section */

/* Begin PBXNativeTarget section */
		53D2A7002950B0FE00B997CC /* Kaohsiung MRT Navi */ = {
			isa = PBXNativeTarget;
			buildConfigurationList = 53D2A7252950B10000B997CC /* Build configuration list for PBXNativeTarget "Kaohsiung MRT Navi" */;
			buildPhases = (
				53D2A6FD2950B0FE00B997CC /* Sources */,
				53D2A6FE2950B0FE00B997CC /* Frameworks */,
				53D2A6FF2950B0FE00B997CC /* Resources */,
			);
			buildRules = (
			);
			dependencies = (
			);
			name = "Kaohsiung MRT Navi";
			packageProductDependencies = (
				53506CB02956AA340069F788 /* Kingfisher */,
			);
			productName = "Kaohsiung MRT Navi";
			productReference = 53D2A7012950B0FE00B997CC /* Kaohsiung MRT Navi.app */;
			productType = "com.apple.product-type.application";
		};
		53D2A7102950B10000B997CC /* Kaohsiung MRT NaviTests */ = {
			isa = PBXNativeTarget;
			buildConfigurationList = 53D2A7282950B10000B997CC /* Build configuration list for PBXNativeTarget "Kaohsiung MRT NaviTests" */;
			buildPhases = (
				53D2A70D2950B10000B997CC /* Sources */,
				53D2A70E2950B10000B997CC /* Frameworks */,
				53D2A70F2950B10000B997CC /* Resources */,
			);
			buildRules = (
			);
			dependencies = (
				53D2A7132950B10000B997CC /* PBXTargetDependency */,
			);
			name = "Kaohsiung MRT NaviTests";
			productName = "Kaohsiung MRT NaviTests";
			productReference = 53D2A7112950B10000B997CC /* Kaohsiung MRT NaviTests.xctest */;
			productType = "com.apple.product-type.bundle.unit-test";
		};
		53D2A71A2950B10000B997CC /* Kaohsiung MRT NaviUITests */ = {
			isa = PBXNativeTarget;
			buildConfigurationList = 53D2A72B2950B10000B997CC /* Build configuration list for PBXNativeTarget "Kaohsiung MRT NaviUITests" */;
			buildPhases = (
				53D2A7172950B10000B997CC /* Sources */,
				53D2A7182950B10000B997CC /* Frameworks */,
				53D2A7192950B10000B997CC /* Resources */,
			);
			buildRules = (
			);
			dependencies = (
				53D2A71D2950B10000B997CC /* PBXTargetDependency */,
			);
			name = "Kaohsiung MRT NaviUITests";
			productName = "Kaohsiung MRT NaviUITests";
			productReference = 53D2A71B2950B10000B997CC /* Kaohsiung MRT NaviUITests.xctest */;
			productType = "com.apple.product-type.bundle.ui-testing";
		};
/* End PBXNativeTarget section */

/* Begin PBXProject section */
		53D2A6F92950B0FE00B997CC /* Project object */ = {
			isa = PBXProject;
			attributes = {
				BuildIndependentTargetsInParallel = 1;
				LastSwiftUpdateCheck = 1400;
				LastUpgradeCheck = 1400;
				TargetAttributes = {
					53D2A7002950B0FE00B997CC = {
						CreatedOnToolsVersion = 14.0.1;
					};
					53D2A7102950B10000B997CC = {
						CreatedOnToolsVersion = 14.0.1;
						TestTargetID = 53D2A7002950B0FE00B997CC;
					};
					53D2A71A2950B10000B997CC = {
						CreatedOnToolsVersion = 14.0.1;
						TestTargetID = 53D2A7002950B0FE00B997CC;
					};
				};
			};
			buildConfigurationList = 53D2A6FC2950B0FE00B997CC /* Build configuration list for PBXProject "Kaohsiung MRT Navi" */;
			compatibilityVersion = "Xcode 14.0";
			developmentRegion = "zh-Hant";
			hasScannedForEncodings = 0;
			knownRegions = (
				en,
				"zh-Hant",
				ja,
				ko,
			);
			mainGroup = 53D2A6F82950B0FE00B997CC;
			packageReferences = (
				53506CAF2956AA340069F788 /* XCRemoteSwiftPackageReference "Kingfisher" */,
			);
			productRefGroup = 53D2A7022950B0FE00B997CC /* Products */;
			projectDirPath = "";
			projectRoot = "";
			targets = (
				53D2A7002950B0FE00B997CC /* Kaohsiung MRT Navi */,
				53D2A7102950B10000B997CC /* Kaohsiung MRT NaviTests */,
				53D2A71A2950B10000B997CC /* Kaohsiung MRT NaviUITests */,
			);
		};
/* End PBXProject section */

/* Begin PBXResourcesBuildPhase section */
		53D2A6FF2950B0FE00B997CC /* Resources */ = {
			isa = PBXResourcesBuildPhase;
			buildActionMask = 2147483647;
			files = (
				53D2A7092950B10000B997CC /* Assets.xcassets in Resources */,
				53D2A73829561E6900B997CC /* kmrt.json in Resources */,
				53D2A73B29561E6900B997CC /* kmrt_station_time_fee.json in Resources */,
				53D2A74A295626B600B997CC /* Localizable.strings in Resources */,
				53D2A70C2950B10000B997CC /* Preview Assets.xcassets in Resources */,
				53506CB5295831520069F788 /* twicon.otf in Resources */,
			);
			runOnlyForDeploymentPostprocessing = 0;
		};
		53D2A70F2950B10000B997CC /* Resources */ = {
			isa = PBXResourcesBuildPhase;
			buildActionMask = 2147483647;
			files = (
				53D2A7582956286800B997CC /* Info.plist in Resources */,
				53D2A73929561E6900B997CC /* kmrt.json in Resources */,
				53D2A73C29561E6900B997CC /* kmrt_station_time_fee.json in Resources */,
				53D2A74B295626B600B997CC /* Localizable.strings in Resources */,
			);
			runOnlyForDeploymentPostprocessing = 0;
		};
		53D2A7192950B10000B997CC /* Resources */ = {
			isa = PBXResourcesBuildPhase;
			buildActionMask = 2147483647;
			files = (
				53D2A7592956286800B997CC /* Info.plist in Resources */,
				53D2A73A29561E6900B997CC /* kmrt.json in Resources */,
				53D2A73D29561E6900B997CC /* kmrt_station_time_fee.json in Resources */,
				53D2A74C295626B600B997CC /* Localizable.strings in Resources */,
			);
			runOnlyForDeploymentPostprocessing = 0;
		};
/* End PBXResourcesBuildPhase section */

/* Begin PBXSourcesBuildPhase section */
		53D2A6FD2950B0FE00B997CC /* Sources */ = {
			isa = PBXSourcesBuildPhase;
			buildActionMask = 2147483647;
			files = (
				53D2A7072950B0FE00B997CC /* ContentView.swift in Sources */,
				53D2A7052950B0FE00B997CC /* KaohsiungMRTNaviApp.swift in Sources */,
				53D2A73F29561ED500B997CC /* TabBarView.swift in Sources */,
			);
			runOnlyForDeploymentPostprocessing = 0;
		};
		53D2A70D2950B10000B997CC /* Sources */ = {
			isa = PBXSourcesBuildPhase;
			buildActionMask = 2147483647;
			files = (
				53D2A7432956245000B997CC /* ContentView.swift in Sources */,
				53D2A7162950B10000B997CC /* Kaohsiung_MRT_NaviTests.swift in Sources */,
				53D2A74029561ED500B997CC /* TabBarView.swift in Sources */,
			);
			runOnlyForDeploymentPostprocessing = 0;
		};
		53D2A7172950B10000B997CC /* Sources */ = {
			isa = PBXSourcesBuildPhase;
			buildActionMask = 2147483647;
			files = (
				53D2A7442956245000B997CC /* ContentView.swift in Sources */,
				53D2A7202950B10000B997CC /* Kaohsiung_MRT_NaviUITests.swift in Sources */,
				53D2A7222950B10000B997CC /* Kaohsiung_MRT_NaviUITestsLaunchTests.swift in Sources */,
				53D2A74129561ED500B997CC /* TabBarView.swift in Sources */,
			);
			runOnlyForDeploymentPostprocessing = 0;
		};
/* End PBXSourcesBuildPhase section */

/* Begin PBXTargetDependency section */
		53D2A7132950B10000B997CC /* PBXTargetDependency */ = {
			isa = PBXTargetDependency;
			target = 53D2A7002950B0FE00B997CC /* Kaohsiung MRT Navi */;
			targetProxy = 53D2A7122950B10000B997CC /* PBXContainerItemProxy */;
		};
		53D2A71D2950B10000B997CC /* PBXTargetDependency */ = {
			isa = PBXTargetDependency;
			target = 53D2A7002950B0FE00B997CC /* Kaohsiung MRT Navi */;
			targetProxy = 53D2A71C2950B10000B997CC /* PBXContainerItemProxy */;
		};
/* End PBXTargetDependency section */

/* Begin PBXVariantGroup section */
		53D2A74E295626B600B997CC /* Localizable.strings */ = {
			isa = PBXVariantGroup;
			children = (
				53D2A74D295626B600B997CC /* en */,
				53D2A750295626BB00B997CC /* ja */,
				53D2A751295626BC00B997CC /* ko */,
				53D2A74F295626BA00B997CC /* zh-Hant */,
			);
			name = Localizable.strings;
			sourceTree = "<group>";
		};
/* End PBXVariantGroup section */

/* Begin XCBuildConfiguration section */
		53D2A7232950B10000B997CC /* Debug */ = {
			isa = XCBuildConfiguration;
			buildSettings = {
				ALWAYS_SEARCH_USER_PATHS = NO;
				CLANG_ANALYZER_NONNULL = YES;
				CLANG_ANALYZER_NUMBER_OBJECT_CONVERSION = YES_AGGRESSIVE;
				CLANG_CXX_LANGUAGE_STANDARD = "gnu++20";
				CLANG_ENABLE_MODULES = YES;
				CLANG_ENABLE_OBJC_ARC = YES;
				CLANG_ENABLE_OBJC_WEAK = YES;
				CLANG_WARN_BLOCK_CAPTURE_AUTORELEASING = YES;
				CLANG_WARN_BOOL_CONVERSION = YES;
				CLANG_WARN_COMMA = YES;
				CLANG_WARN_CONSTANT_CONVERSION = YES;
				CLANG_WARN_DEPRECATED_OBJC_IMPLEMENTATIONS = YES;
				CLANG_WARN_DIRECT_OBJC_ISA_USAGE = YES_ERROR;
				CLANG_WARN_DOCUMENTATION_COMMENTS = YES;
				CLANG_WARN_EMPTY_BODY = YES;
				CLANG_WARN_ENUM_CONVERSION = YES;
				CLANG_WARN_INFINITE_RECURSION = YES;
				CLANG_WARN_INT_CONVERSION = YES;
				CLANG_WARN_NON_LITERAL_NULL_CONVERSION = YES;
				CLANG_WARN_OBJC_IMPLICIT_RETAIN_SELF = YES;
				CLANG_WARN_OBJC_LITERAL_CONVERSION = YES;
				CLANG_WARN_OBJC_ROOT_CLASS = YES_ERROR;
				CLANG_WARN_QUOTED_INCLUDE_IN_FRAMEWORK_HEADER = YES;
				CLANG_WARN_RANGE_LOOP_ANALYSIS = YES;
				CLANG_WARN_STRICT_PROTOTYPES = YES;
				CLANG_WARN_SUSPICIOUS_MOVE = YES;
				CLANG_WARN_UNGUARDED_AVAILABILITY = YES_AGGRESSIVE;
				CLANG_WARN_UNREACHABLE_CODE = YES;
				CLANG_WARN__DUPLICATE_METHOD_MATCH = YES;
				COPY_PHASE_STRIP = NO;
				DEBUG_INFORMATION_FORMAT = dwarf;
				ENABLE_STRICT_OBJC_MSGSEND = YES;
				ENABLE_TESTABILITY = YES;
				GCC_C_LANGUAGE_STANDARD = gnu11;
				GCC_DYNAMIC_NO_PIC = NO;
				GCC_NO_COMMON_BLOCKS = YES;
				GCC_OPTIMIZATION_LEVEL = 0;
				GCC_PREPROCESSOR_DEFINITIONS = (
					"DEBUG=1",
					"$(inherited)",
				);
				GCC_WARN_64_TO_32_BIT_CONVERSION = YES;
				GCC_WARN_ABOUT_RETURN_TYPE = YES_ERROR;
				GCC_WARN_UNDECLARED_SELECTOR = YES;
				GCC_WARN_UNINITIALIZED_AUTOS = YES_AGGRESSIVE;
				GCC_WARN_UNUSED_FUNCTION = YES;
				GCC_WARN_UNUSED_VARIABLE = YES;
				IPHONEOS_DEPLOYMENT_TARGET = 16.0;
				MTL_ENABLE_DEBUG_INFO = INCLUDE_SOURCE;
				MTL_FAST_MATH = YES;
				ONLY_ACTIVE_ARCH = YES;
				SDKROOT = iphoneos;
				SWIFT_ACTIVE_COMPILATION_CONDITIONS = DEBUG;
				SWIFT_OPTIMIZATION_LEVEL = "-Onone";
			};
			name = Debug;
		};
		53D2A7242950B10000B997CC /* Release */ = {
			isa = XCBuildConfiguration;
			buildSettings = {
				ALWAYS_SEARCH_USER_PATHS = NO;
				CLANG_ANALYZER_NONNULL = YES;
				CLANG_ANALYZER_NUMBER_OBJECT_CONVERSION = YES_AGGRESSIVE;
				CLANG_CXX_LANGUAGE_STANDARD = "gnu++20";
				CLANG_ENABLE_MODULES = YES;
				CLANG_ENABLE_OBJC_ARC = YES;
				CLANG_ENABLE_OBJC_WEAK = YES;
				CLANG_WARN_BLOCK_CAPTURE_AUTORELEASING = YES;
				CLANG_WARN_BOOL_CONVERSION = YES;
				CLANG_WARN_COMMA = YES;
				CLANG_WARN_CONSTANT_CONVERSION = YES;
				CLANG_WARN_DEPRECATED_OBJC_IMPLEMENTATIONS = YES;
				CLANG_WARN_DIRECT_OBJC_ISA_USAGE = YES_ERROR;
				CLANG_WARN_DOCUMENTATION_COMMENTS = YES;
				CLANG_WARN_EMPTY_BODY = YES;
				CLANG_WARN_ENUM_CONVERSION = YES;
				CLANG_WARN_INFINITE_RECURSION = YES;
				CLANG_WARN_INT_CONVERSION = YES;
				CLANG_WARN_NON_LITERAL_NULL_CONVERSION = YES;
				CLANG_WARN_OBJC_IMPLICIT_RETAIN_SELF = YES;
				CLANG_WARN_OBJC_LITERAL_CONVERSION = YES;
				CLANG_WARN_OBJC_ROOT_CLASS = YES_ERROR;
				CLANG_WARN_QUOTED_INCLUDE_IN_FRAMEWORK_HEADER = YES;
				CLANG_WARN_RANGE_LOOP_ANALYSIS = YES;
				CLANG_WARN_STRICT_PROTOTYPES = YES;
				CLANG_WARN_SUSPICIOUS_MOVE = YES;
				CLANG_WARN_UNGUARDED_AVAILABILITY = YES_AGGRESSIVE;
				CLANG_WARN_UNREACHABLE_CODE = YES;
				CLANG_WARN__DUPLICATE_METHOD_MATCH = YES;
				COPY_PHASE_STRIP = NO;
				DEBUG_INFORMATION_FORMAT = "dwarf-with-dsym";
				ENABLE_NS_ASSERTIONS = NO;
				ENABLE_STRICT_OBJC_MSGSEND = YES;
				GCC_C_LANGUAGE_STANDARD = gnu11;
				GCC_NO_COMMON_BLOCKS = YES;
				GCC_WARN_64_TO_32_BIT_CONVERSION = YES;
				GCC_WARN_ABOUT_RETURN_TYPE = YES_ERROR;
				GCC_WARN_UNDECLARED_SELECTOR = YES;
				GCC_WARN_UNINITIALIZED_AUTOS = YES_AGGRESSIVE;
				GCC_WARN_UNUSED_FUNCTION = YES;
				GCC_WARN_UNUSED_VARIABLE = YES;
				IPHONEOS_DEPLOYMENT_TARGET = 16.0;
				MTL_ENABLE_DEBUG_INFO = NO;
				MTL_FAST_MATH = YES;
				SDKROOT = iphoneos;
				SWIFT_COMPILATION_MODE = wholemodule;
				SWIFT_OPTIMIZATION_LEVEL = "-O";
				VALIDATE_PRODUCT = YES;
			};
			name = Release;
		};
		53D2A7262950B10000B997CC /* Debug */ = {
			isa = XCBuildConfiguration;
			buildSettings = {
				ASSETCATALOG_COMPILER_APPICON_NAME = AppIcon;
				ASSETCATALOG_COMPILER_GLOBAL_ACCENT_COLOR_NAME = AccentColor;
				CODE_SIGN_STYLE = Automatic;
				CURRENT_PROJECT_VERSION = 1;
				DEVELOPMENT_ASSET_PATHS = "\"Kaohsiung MRT Navi/Preview Content\"";
				DEVELOPMENT_TEAM = 8MREJM6257;
				ENABLE_PREVIEWS = YES;
				GENERATE_INFOPLIST_FILE = YES;
				INFOPLIST_FILE = "Kaohsiung MRT Navi/Info.plist";
				INFOPLIST_KEY_UIApplicationSceneManifest_Generation = YES;
				INFOPLIST_KEY_UIApplicationSupportsIndirectInputEvents = YES;
				INFOPLIST_KEY_UILaunchScreen_Generation = YES;
				INFOPLIST_KEY_UIRequiresFullScreen = YES;
				INFOPLIST_KEY_UIStatusBarStyle = UIStatusBarStyleLightContent;
				INFOPLIST_KEY_UISupportedInterfaceOrientations = "UIInterfaceOrientationPortrait UIInterfaceOrientationPortraitUpsideDown";
				LD_RUNPATH_SEARCH_PATHS = (
					"$(inherited)",
					"@executable_path/Frameworks",
				);
				MARKETING_VERSION = 1.0;
				PRODUCT_BUNDLE_IDENTIFIER = "sparkr.Kaohsiung-MRT-Navi";
				PRODUCT_NAME = "$(TARGET_NAME)";
				SUPPORTED_PLATFORMS = "iphoneos iphonesimulator";
				SUPPORTS_MACCATALYST = NO;
				SUPPORTS_MAC_DESIGNED_FOR_IPHONE_IPAD = YES;
				SWIFT_EMIT_LOC_STRINGS = YES;
				SWIFT_VERSION = 5.0;
				TARGETED_DEVICE_FAMILY = "1,2";
			};
			name = Debug;
		};
		53D2A7272950B10000B997CC /* Release */ = {
			isa = XCBuildConfiguration;
			buildSettings = {
				ASSETCATALOG_COMPILER_APPICON_NAME = AppIcon;
				ASSETCATALOG_COMPILER_GLOBAL_ACCENT_COLOR_NAME = AccentColor;
				CODE_SIGN_STYLE = Automatic;
				CURRENT_PROJECT_VERSION = 1;
				DEVELOPMENT_ASSET_PATHS = "\"Kaohsiung MRT Navi/Preview Content\"";
				DEVELOPMENT_TEAM = 8MREJM6257;
				ENABLE_PREVIEWS = YES;
				GENERATE_INFOPLIST_FILE = YES;
				INFOPLIST_FILE = "Kaohsiung MRT Navi/Info.plist";
				INFOPLIST_KEY_UIApplicationSceneManifest_Generation = YES;
				INFOPLIST_KEY_UIApplicationSupportsIndirectInputEvents = YES;
				INFOPLIST_KEY_UILaunchScreen_Generation = YES;
				INFOPLIST_KEY_UIRequiresFullScreen = YES;
				INFOPLIST_KEY_UIStatusBarStyle = UIStatusBarStyleLightContent;
				INFOPLIST_KEY_UISupportedInterfaceOrientations = "UIInterfaceOrientationPortrait UIInterfaceOrientationPortraitUpsideDown";
				LD_RUNPATH_SEARCH_PATHS = (
					"$(inherited)",
					"@executable_path/Frameworks",
				);
				MARKETING_VERSION = 1.0;
				PRODUCT_BUNDLE_IDENTIFIER = "sparkr.Kaohsiung-MRT-Navi";
				PRODUCT_NAME = "$(TARGET_NAME)";
				SUPPORTED_PLATFORMS = "iphoneos iphonesimulator";
				SUPPORTS_MACCATALYST = NO;
				SUPPORTS_MAC_DESIGNED_FOR_IPHONE_IPAD = YES;
				SWIFT_EMIT_LOC_STRINGS = YES;
				SWIFT_VERSION = 5.0;
				TARGETED_DEVICE_FAMILY = "1,2";
			};
			name = Release;
		};
		53D2A7292950B10000B997CC /* Debug */ = {
			isa = XCBuildConfiguration;
			buildSettings = {
				ALWAYS_EMBED_SWIFT_STANDARD_LIBRARIES = YES;
				BUNDLE_LOADER = "$(TEST_HOST)";
				CODE_SIGN_STYLE = Automatic;
				CURRENT_PROJECT_VERSION = 1;
				DEVELOPMENT_TEAM = 8MREJM6257;
				GENERATE_INFOPLIST_FILE = YES;
				IPHONEOS_DEPLOYMENT_TARGET = 16.0;
				MARKETING_VERSION = 1.0;
				PRODUCT_BUNDLE_IDENTIFIER = "sparkr.Kaohsiung-MRT-NaviTests";
				PRODUCT_NAME = "$(TARGET_NAME)";
				SWIFT_EMIT_LOC_STRINGS = NO;
				SWIFT_VERSION = 5.0;
				TARGETED_DEVICE_FAMILY = "1,2";
				TEST_HOST = "$(BUILT_PRODUCTS_DIR)/Kaohsiung MRT Navi.app/$(BUNDLE_EXECUTABLE_FOLDER_PATH)/Kaohsiung MRT Navi";
			};
			name = Debug;
		};
		53D2A72A2950B10000B997CC /* Release */ = {
			isa = XCBuildConfiguration;
			buildSettings = {
				ALWAYS_EMBED_SWIFT_STANDARD_LIBRARIES = YES;
				BUNDLE_LOADER = "$(TEST_HOST)";
				CODE_SIGN_STYLE = Automatic;
				CURRENT_PROJECT_VERSION = 1;
				DEVELOPMENT_TEAM = 8MREJM6257;
				GENERATE_INFOPLIST_FILE = YES;
				IPHONEOS_DEPLOYMENT_TARGET = 16.0;
				MARKETING_VERSION = 1.0;
				PRODUCT_BUNDLE_IDENTIFIER = "sparkr.Kaohsiung-MRT-NaviTests";
				PRODUCT_NAME = "$(TARGET_NAME)";
				SWIFT_EMIT_LOC_STRINGS = NO;
				SWIFT_VERSION = 5.0;
				TARGETED_DEVICE_FAMILY = "1,2";
				TEST_HOST = "$(BUILT_PRODUCTS_DIR)/Kaohsiung MRT Navi.app/$(BUNDLE_EXECUTABLE_FOLDER_PATH)/Kaohsiung MRT Navi";
			};
			name = Release;
		};
		53D2A72C2950B10000B997CC /* Debug */ = {
			isa = XCBuildConfiguration;
			buildSettings = {
				ALWAYS_EMBED_SWIFT_STANDARD_LIBRARIES = YES;
				CODE_SIGN_STYLE = Automatic;
				CURRENT_PROJECT_VERSION = 1;
				DEVELOPMENT_TEAM = 8MREJM6257;
				GENERATE_INFOPLIST_FILE = YES;
				MARKETING_VERSION = 1.0;
				PRODUCT_BUNDLE_IDENTIFIER = "sparkr.Kaohsiung-MRT-NaviUITests";
				PRODUCT_NAME = "$(TARGET_NAME)";
				SWIFT_EMIT_LOC_STRINGS = NO;
				SWIFT_VERSION = 5.0;
				TARGETED_DEVICE_FAMILY = "1,2";
				TEST_TARGET_NAME = "Kaohsiung MRT Navi";
			};
			name = Debug;
		};
		53D2A72D2950B10000B997CC /* Release */ = {
			isa = XCBuildConfiguration;
			buildSettings = {
				ALWAYS_EMBED_SWIFT_STANDARD_LIBRARIES = YES;
				CODE_SIGN_STYLE = Automatic;
				CURRENT_PROJECT_VERSION = 1;
				DEVELOPMENT_TEAM = 8MREJM6257;
				GENERATE_INFOPLIST_FILE = YES;
				MARKETING_VERSION = 1.0;
				PRODUCT_BUNDLE_IDENTIFIER = "sparkr.Kaohsiung-MRT-NaviUITests";
				PRODUCT_NAME = "$(TARGET_NAME)";
				SWIFT_EMIT_LOC_STRINGS = NO;
				SWIFT_VERSION = 5.0;
				TARGETED_DEVICE_FAMILY = "1,2";
				TEST_TARGET_NAME = "Kaohsiung MRT Navi";
			};
			name = Release;
		};
/* End XCBuildConfiguration section */

/* Begin XCConfigurationList section */
		53D2A6FC2950B0FE00B997CC /* Build configuration list for PBXProject "Kaohsiung MRT Navi" */ = {
			isa = XCConfigurationList;
			buildConfigurations = (
				53D2A7232950B10000B997CC /* Debug */,
				53D2A7242950B10000B997CC /* Release */,
			);
			defaultConfigurationIsVisible = 0;
			defaultConfigurationName = Release;
		};
		53D2A7252950B10000B997CC /* Build configuration list for PBXNativeTarget "Kaohsiung MRT Navi" */ = {
			isa = XCConfigurationList;
			buildConfigurations = (
				53D2A7262950B10000B997CC /* Debug */,
				53D2A7272950B10000B997CC /* Release */,
			);
			defaultConfigurationIsVisible = 0;
			defaultConfigurationName = Release;
		};
		53D2A7282950B10000B997CC /* Build configuration list for PBXNativeTarget "Kaohsiung MRT NaviTests" */ = {
			isa = XCConfigurationList;
			buildConfigurations = (
				53D2A7292950B10000B997CC /* Debug */,
				53D2A72A2950B10000B997CC /* Release */,
			);
			defaultConfigurationIsVisible = 0;
			defaultConfigurationName = Release;
		};
		53D2A72B2950B10000B997CC /* Build configuration list for PBXNativeTarget "Kaohsiung MRT NaviUITests" */ = {
			isa = XCConfigurationList;
			buildConfigurations = (
				53D2A72C2950B10000B997CC /* Debug */,
				53D2A72D2950B10000B997CC /* Release */,
			);
			defaultConfigurationIsVisible = 0;
			defaultConfigurationName = Release;
		};
/* End XCConfigurationList section */

/* Begin XCRemoteSwiftPackageReference section */
		53506CAF2956AA340069F788 /* XCRemoteSwiftPackageReference "Kingfisher" */ = {
			isa = XCRemoteSwiftPackageReference;
			repositoryURL = "https://github.com/onevcat/Kingfisher.git";
			requirement = {
				kind = upToNextMajorVersion;
				minimumVersion = 7.0.0;
			};
		};
/* End XCRemoteSwiftPackageReference section */

/* Begin XCSwiftPackageProductDependency section */
		53506CB02956AA340069F788 /* Kingfisher */ = {
			isa = XCSwiftPackageProductDependency;
			package = 53506CAF2956AA340069F788 /* XCRemoteSwiftPackageReference "Kingfisher" */;
			productName = Kingfisher;
		};
/* End XCSwiftPackageProductDependency section */
	};
	rootObject = 53D2A6F92950B0FE00B997CC /* Project object */;
}
