// !$*UTF8*$!
{
	archiveVersion = 1;
	classes = {
	};
	objectVersion = 56;
	objects = {

/* Begin PBXBuildFile section */
		53147ED4296C53D600120505 /* Geohash in Frameworks */ = {isa = PBXBuildFile; productRef = 53147ED3296C53D600120505 /* Geohash */; };
		53147ED5296C809B00120505 /* Assets.xcassets in Resources */ = {isa = PBXBuildFile; fileRef = 53D2A7082950B10000B997CC /* Assets.xcassets */; };
		53147ED6296C809B00120505 /* Assets.xcassets in Resources */ = {isa = PBXBuildFile; fileRef = 53D2A7082950B10000B997CC /* Assets.xcassets */; };
		53147ED8296C8BE400120505 /* RouteMapView.swift in Sources */ = {isa = PBXBuildFile; fileRef = 53147ED7296C8BE400120505 /* RouteMapView.swift */; };
		53147ED9296C8BE400120505 /* RouteMapView.swift in Sources */ = {isa = PBXBuildFile; fileRef = 53147ED7296C8BE400120505 /* RouteMapView.swift */; };
		53147EDA296C8BE400120505 /* RouteMapView.swift in Sources */ = {isa = PBXBuildFile; fileRef = 53147ED7296C8BE400120505 /* RouteMapView.swift */; };
		53147EDC296C90C300120505 /* RouteMapViewModel.swift in Sources */ = {isa = PBXBuildFile; fileRef = 53147EDB296C90C300120505 /* RouteMapViewModel.swift */; };
		53147EDD296C90C300120505 /* RouteMapViewModel.swift in Sources */ = {isa = PBXBuildFile; fileRef = 53147EDB296C90C300120505 /* RouteMapViewModel.swift */; };
		53147EDE296C90C300120505 /* RouteMapViewModel.swift in Sources */ = {isa = PBXBuildFile; fileRef = 53147EDB296C90C300120505 /* RouteMapViewModel.swift */; };
		53147EE0296C90CD00120505 /* LocationService.swift in Sources */ = {isa = PBXBuildFile; fileRef = 53147EDF296C90CD00120505 /* LocationService.swift */; };
		53147EE1296C90CD00120505 /* LocationService.swift in Sources */ = {isa = PBXBuildFile; fileRef = 53147EDF296C90CD00120505 /* LocationService.swift */; };
		53147EE2296C90CD00120505 /* LocationService.swift in Sources */ = {isa = PBXBuildFile; fileRef = 53147EDF296C90CD00120505 /* LocationService.swift */; };
		53147EE4296D1F9500120505 /* MapView.swift in Sources */ = {isa = PBXBuildFile; fileRef = 53147EE3296D1F9500120505 /* MapView.swift */; };
		53147EE5296D1F9500120505 /* MapView.swift in Sources */ = {isa = PBXBuildFile; fileRef = 53147EE3296D1F9500120505 /* MapView.swift */; };
		53147EE6296D1F9500120505 /* MapView.swift in Sources */ = {isa = PBXBuildFile; fileRef = 53147EE3296D1F9500120505 /* MapView.swift */; };
		53147EE8296D667B00120505 /* MapViewModel.swift in Sources */ = {isa = PBXBuildFile; fileRef = 53147EE7296D667B00120505 /* MapViewModel.swift */; };
		53147EE9296D667B00120505 /* MapViewModel.swift in Sources */ = {isa = PBXBuildFile; fileRef = 53147EE7296D667B00120505 /* MapViewModel.swift */; };
		53147EEA296D667B00120505 /* MapViewModel.swift in Sources */ = {isa = PBXBuildFile; fileRef = 53147EE7296D667B00120505 /* MapViewModel.swift */; };
		53147EEC296D715700120505 /* Annotation.swift in Sources */ = {isa = PBXBuildFile; fileRef = 53147EEB296D715700120505 /* Annotation.swift */; };
		53147EED296D715700120505 /* Annotation.swift in Sources */ = {isa = PBXBuildFile; fileRef = 53147EEB296D715700120505 /* Annotation.swift */; };
		53147EEE296D715700120505 /* Annotation.swift in Sources */ = {isa = PBXBuildFile; fileRef = 53147EEB296D715700120505 /* Annotation.swift */; };
		53147EF0296DC26C00120505 /* UIImageExtenstion.swift in Sources */ = {isa = PBXBuildFile; fileRef = 53147EEF296DC26C00120505 /* UIImageExtenstion.swift */; };
		53147EF1296DC26C00120505 /* UIImageExtenstion.swift in Sources */ = {isa = PBXBuildFile; fileRef = 53147EEF296DC26C00120505 /* UIImageExtenstion.swift */; };
		53147EF2296DC26C00120505 /* UIImageExtenstion.swift in Sources */ = {isa = PBXBuildFile; fileRef = 53147EEF296DC26C00120505 /* UIImageExtenstion.swift */; };
		53147EF4296E96D000120505 /* TrainInfoView.swift in Sources */ = {isa = PBXBuildFile; fileRef = 53147EF3296E96D000120505 /* TrainInfoView.swift */; };
		53147EF5296E96D000120505 /* TrainInfoView.swift in Sources */ = {isa = PBXBuildFile; fileRef = 53147EF3296E96D000120505 /* TrainInfoView.swift */; };
		53147EF6296E96D000120505 /* TrainInfoView.swift in Sources */ = {isa = PBXBuildFile; fileRef = 53147EF3296E96D000120505 /* TrainInfoView.swift */; };
		53147EF8296E974800120505 /* TrainInfoViewModel.swift in Sources */ = {isa = PBXBuildFile; fileRef = 53147EF7296E974800120505 /* TrainInfoViewModel.swift */; };
		53147EF9296E974800120505 /* TrainInfoViewModel.swift in Sources */ = {isa = PBXBuildFile; fileRef = 53147EF7296E974800120505 /* TrainInfoViewModel.swift */; };
		53147EFA296E974800120505 /* TrainInfoViewModel.swift in Sources */ = {isa = PBXBuildFile; fileRef = 53147EF7296E974800120505 /* TrainInfoViewModel.swift */; };
		53147EFC296EBA1800120505 /* StationTimeView.swift in Sources */ = {isa = PBXBuildFile; fileRef = 53147EFB296EBA1800120505 /* StationTimeView.swift */; };
		53147EFD296EBA1800120505 /* StationTimeView.swift in Sources */ = {isa = PBXBuildFile; fileRef = 53147EFB296EBA1800120505 /* StationTimeView.swift */; };
		53147EFE296EBA1800120505 /* StationTimeView.swift in Sources */ = {isa = PBXBuildFile; fileRef = 53147EFB296EBA1800120505 /* StationTimeView.swift */; };
		53147F00296EBA2A00120505 /* StationTimeViewModel.swift in Sources */ = {isa = PBXBuildFile; fileRef = 53147EFF296EBA2A00120505 /* StationTimeViewModel.swift */; };
		53147F01296EBA2A00120505 /* StationTimeViewModel.swift in Sources */ = {isa = PBXBuildFile; fileRef = 53147EFF296EBA2A00120505 /* StationTimeViewModel.swift */; };
		53147F02296EBA2A00120505 /* StationTimeViewModel.swift in Sources */ = {isa = PBXBuildFile; fileRef = 53147EFF296EBA2A00120505 /* StationTimeViewModel.swift */; };
		53147F04296EFB9900120505 /* NetworkMonitorService.swift in Sources */ = {isa = PBXBuildFile; fileRef = 53147F03296EFB9900120505 /* NetworkMonitorService.swift */; };
		53147F05296EFB9900120505 /* NetworkMonitorService.swift in Sources */ = {isa = PBXBuildFile; fileRef = 53147F03296EFB9900120505 /* NetworkMonitorService.swift */; };
		53147F06296EFB9900120505 /* NetworkMonitorService.swift in Sources */ = {isa = PBXBuildFile; fileRef = 53147F03296EFB9900120505 /* NetworkMonitorService.swift */; };
		53147F08296FA57800120505 /* ColorExtensionTest.swift in Sources */ = {isa = PBXBuildFile; fileRef = 53147F07296FA57800120505 /* ColorExtensionTest.swift */; };
		53147F0A2970F61400120505 /* KNaviConfig.xcconfig in Resources */ = {isa = PBXBuildFile; fileRef = 53147F092970F61400120505 /* KNaviConfig.xcconfig */; };
		53147F0B2970F61400120505 /* KNaviConfig.xcconfig in Resources */ = {isa = PBXBuildFile; fileRef = 53147F092970F61400120505 /* KNaviConfig.xcconfig */; };
		53147F0C2970F61400120505 /* KNaviConfig.xcconfig in Resources */ = {isa = PBXBuildFile; fileRef = 53147F092970F61400120505 /* KNaviConfig.xcconfig */; };
		53147F0F297151D100120505 /* Token.swift in Sources */ = {isa = PBXBuildFile; fileRef = 53147F0E297151D100120505 /* Token.swift */; };
		53147F112975BC4700120505 /* TrainTime.swift in Sources */ = {isa = PBXBuildFile; fileRef = 53147F102975BC4700120505 /* TrainTime.swift */; };
		53147F122975BC4700120505 /* TrainTime.swift in Sources */ = {isa = PBXBuildFile; fileRef = 53147F102975BC4700120505 /* TrainTime.swift */; };
		53147F132975BC4700120505 /* TrainTime.swift in Sources */ = {isa = PBXBuildFile; fileRef = 53147F102975BC4700120505 /* TrainTime.swift */; };
		531E4980296582AF002DF760 /* StationDetailView.swift in Sources */ = {isa = PBXBuildFile; fileRef = 531E497F296582AF002DF760 /* StationDetailView.swift */; };
		531E49822965835C002DF760 /* RouteListViewModelTests.swift in Sources */ = {isa = PBXBuildFile; fileRef = 531E49812965835C002DF760 /* RouteListViewModelTests.swift */; };
		531E4983296583FD002DF760 /* RouteListView.swift in Sources */ = {isa = PBXBuildFile; fileRef = 53DADC49295D73FA00FEAE33 /* RouteListView.swift */; };
		531E498429658403002DF760 /* StationListView.swift in Sources */ = {isa = PBXBuildFile; fileRef = 53DADC59295E079400FEAE33 /* StationListView.swift */; };
		531E498529658412002DF760 /* Route.swift in Sources */ = {isa = PBXBuildFile; fileRef = 53DADC3E295D71CC00FEAE33 /* Route.swift */; };
		531E498629658413002DF760 /* Route.swift in Sources */ = {isa = PBXBuildFile; fileRef = 53DADC3E295D71CC00FEAE33 /* Route.swift */; };
		531E498729658427002DF760 /* Station.swift in Sources */ = {isa = PBXBuildFile; fileRef = 53DADC30295AFC7300FEAE33 /* Station.swift */; };
		531E498829658427002DF760 /* Station.swift in Sources */ = {isa = PBXBuildFile; fileRef = 53DADC30295AFC7300FEAE33 /* Station.swift */; };
		531E498929658433002DF760 /* RouteListViewModel.swift in Sources */ = {isa = PBXBuildFile; fileRef = 53DADC57295DF32700FEAE33 /* RouteListViewModel.swift */; };
		531E498A29658433002DF760 /* RouteListViewModel.swift in Sources */ = {isa = PBXBuildFile; fileRef = 53DADC57295DF32700FEAE33 /* RouteListViewModel.swift */; };
		531E498B2965843A002DF760 /* RouteListView.swift in Sources */ = {isa = PBXBuildFile; fileRef = 53DADC49295D73FA00FEAE33 /* RouteListView.swift */; };
		531E498C2965844D002DF760 /* StringExtension.swift in Sources */ = {isa = PBXBuildFile; fileRef = 53DADC5D295E07FD00FEAE33 /* StringExtension.swift */; };
		531E498D2965844E002DF760 /* StringExtension.swift in Sources */ = {isa = PBXBuildFile; fileRef = 53DADC5D295E07FD00FEAE33 /* StringExtension.swift */; };
		531E498E29658457002DF760 /* RouteService.swift in Sources */ = {isa = PBXBuildFile; fileRef = 53DADC2E295AFC6900FEAE33 /* RouteService.swift */; };
		531E498F29658457002DF760 /* RouteService.swift in Sources */ = {isa = PBXBuildFile; fileRef = 53DADC2E295AFC6900FEAE33 /* RouteService.swift */; };
		531E49902965845E002DF760 /* RouteCellViewModel.swift in Sources */ = {isa = PBXBuildFile; fileRef = 53DADC4D295D762200FEAE33 /* RouteCellViewModel.swift */; };
		531E49912965845F002DF760 /* RouteCellViewModel.swift in Sources */ = {isa = PBXBuildFile; fileRef = 53DADC4D295D762200FEAE33 /* RouteCellViewModel.swift */; };
		531E499229658466002DF760 /* ConstantService.swift in Sources */ = {isa = PBXBuildFile; fileRef = 53DADC61295EC62700FEAE33 /* ConstantService.swift */; };
		531E499329658467002DF760 /* ConstantService.swift in Sources */ = {isa = PBXBuildFile; fileRef = 53DADC61295EC62700FEAE33 /* ConstantService.swift */; };
		531E4994296584A5002DF760 /* StationListViewModel.swift in Sources */ = {isa = PBXBuildFile; fileRef = 53DADC5B295E07A800FEAE33 /* StationListViewModel.swift */; };
		531E4995296584A6002DF760 /* StationListViewModel.swift in Sources */ = {isa = PBXBuildFile; fileRef = 53DADC5B295E07A800FEAE33 /* StationListViewModel.swift */; };
		531E4996296584AD002DF760 /* StationCell.swift in Sources */ = {isa = PBXBuildFile; fileRef = 53DADC63295ECA0A00FEAE33 /* StationCell.swift */; };
		531E4997296584AD002DF760 /* StationCell.swift in Sources */ = {isa = PBXBuildFile; fileRef = 53DADC63295ECA0A00FEAE33 /* StationCell.swift */; };
		531E4998296584C7002DF760 /* StationCellViewModel.swift in Sources */ = {isa = PBXBuildFile; fileRef = 53DADC65295ECB2E00FEAE33 /* StationCellViewModel.swift */; };
		531E4999296584C8002DF760 /* StationCellViewModel.swift in Sources */ = {isa = PBXBuildFile; fileRef = 53DADC65295ECB2E00FEAE33 /* StationCellViewModel.swift */; };
		531E499A296584D4002DF760 /* RouteCell.swift in Sources */ = {isa = PBXBuildFile; fileRef = 53DADC4B295D760300FEAE33 /* RouteCell.swift */; };
		531E499B296584D5002DF760 /* RouteCell.swift in Sources */ = {isa = PBXBuildFile; fileRef = 53DADC4B295D760300FEAE33 /* RouteCell.swift */; };
		531E499C296584E4002DF760 /* ColorExtension.swift in Sources */ = {isa = PBXBuildFile; fileRef = 53DADC54295D9E0700FEAE33 /* ColorExtension.swift */; };
		531E499D296584E5002DF760 /* ColorExtension.swift in Sources */ = {isa = PBXBuildFile; fileRef = 53DADC54295D9E0700FEAE33 /* ColorExtension.swift */; };
		531E499E296584F2002DF760 /* StationListView.swift in Sources */ = {isa = PBXBuildFile; fileRef = 53DADC59295E079400FEAE33 /* StationListView.swift */; };
		531E49A0296589D7002DF760 /* StationListViewModelTests.swift in Sources */ = {isa = PBXBuildFile; fileRef = 531E499F296589D7002DF760 /* StationListViewModelTests.swift */; };
		5325F8D82969EDBB00CEAE82 /* VerticalLineView.swift in Sources */ = {isa = PBXBuildFile; fileRef = 5325F8D72969EDBB00CEAE82 /* VerticalLineView.swift */; };
		5325F8DA2969EDC800CEAE82 /* HorizontalLineView.swift in Sources */ = {isa = PBXBuildFile; fileRef = 5325F8D92969EDC800CEAE82 /* HorizontalLineView.swift */; };
		5325F8DC2969EDDA00CEAE82 /* LineViewModel.swift in Sources */ = {isa = PBXBuildFile; fileRef = 5325F8DB2969EDDA00CEAE82 /* LineViewModel.swift */; };
		5338E41D296AE74600517C57 /* DottedLine.swift in Sources */ = {isa = PBXBuildFile; fileRef = 5338E41C296AE74600517C57 /* DottedLine.swift */; };
		5338E41E296AE74600517C57 /* DottedLine.swift in Sources */ = {isa = PBXBuildFile; fileRef = 5338E41C296AE74600517C57 /* DottedLine.swift */; };
		5338E41F296AE74600517C57 /* DottedLine.swift in Sources */ = {isa = PBXBuildFile; fileRef = 5338E41C296AE74600517C57 /* DottedLine.swift */; };
		5339D2D7296C1D3D00522F2B /* StationMapViewModelTest.swift in Sources */ = {isa = PBXBuildFile; fileRef = 5339D2D5296C1D3D00522F2B /* StationMapViewModelTest.swift */; };
		5339D2DB296C24E600522F2B /* Zoomable in Frameworks */ = {isa = PBXBuildFile; productRef = 5339D2DA296C24E600522F2B /* Zoomable */; };
		5339D2DC296C250500522F2B /* LineViewModel.swift in Sources */ = {isa = PBXBuildFile; fileRef = 5325F8DB2969EDDA00CEAE82 /* LineViewModel.swift */; };
		5339D2DD296C250600522F2B /* LineViewModel.swift in Sources */ = {isa = PBXBuildFile; fileRef = 5325F8DB2969EDDA00CEAE82 /* LineViewModel.swift */; };
		5339D2DE296C252000522F2B /* APIService.swift in Sources */ = {isa = PBXBuildFile; fileRef = 53DADC32295B5A0800FEAE33 /* APIService.swift */; };
		5339D2DF296C252100522F2B /* APIService.swift in Sources */ = {isa = PBXBuildFile; fileRef = 53DADC32295B5A0800FEAE33 /* APIService.swift */; };
		5339D2E0296C253E00522F2B /* VerticalLineView.swift in Sources */ = {isa = PBXBuildFile; fileRef = 5325F8D72969EDBB00CEAE82 /* VerticalLineView.swift */; };
		5339D2E1296C253F00522F2B /* VerticalLineView.swift in Sources */ = {isa = PBXBuildFile; fileRef = 5325F8D72969EDBB00CEAE82 /* VerticalLineView.swift */; };
		5339D2E2296C254600522F2B /* HorizontalLineView.swift in Sources */ = {isa = PBXBuildFile; fileRef = 5325F8D92969EDC800CEAE82 /* HorizontalLineView.swift */; };
		5339D2E3296C254700522F2B /* HorizontalLineView.swift in Sources */ = {isa = PBXBuildFile; fileRef = 5325F8D92969EDC800CEAE82 /* HorizontalLineView.swift */; };
		5339D2E7296C4CEE00522F2B /* Kingfisher in Frameworks */ = {isa = PBXBuildFile; productRef = 5339D2E6296C4CEE00522F2B /* Kingfisher */; };
		5339D2EE296C4F0C00522F2B /* StationDetailViewModelTest.swift in Sources */ = {isa = PBXBuildFile; fileRef = 5339D2EC296C4F0C00522F2B /* StationDetailViewModelTest.swift */; };
		5339D2F1296C523700522F2B /* Zoomable in Frameworks */ = {isa = PBXBuildFile; productRef = 5339D2F0296C523700522F2B /* Zoomable */; };
		53506CB12956AA340069F788 /* Kingfisher in Frameworks */ = {isa = PBXBuildFile; productRef = 53506CB02956AA340069F788 /* Kingfisher */; };
		53506CB5295831520069F788 /* twicon.otf in Resources */ = {isa = PBXBuildFile; fileRef = 53506CB4295831520069F788 /* twicon.otf */; };
		5377D5F52966A6870021D600 /* StationDetailView.swift in Sources */ = {isa = PBXBuildFile; fileRef = 531E497F296582AF002DF760 /* StationDetailView.swift */; };
		5377D5F62966A6880021D600 /* StationDetailView.swift in Sources */ = {isa = PBXBuildFile; fileRef = 531E497F296582AF002DF760 /* StationDetailView.swift */; };
		5377D5F82966AC4D0021D600 /* TagView.swift in Sources */ = {isa = PBXBuildFile; fileRef = 5377D5F72966AC4D0021D600 /* TagView.swift */; };
		5377D5F92966AC4D0021D600 /* TagView.swift in Sources */ = {isa = PBXBuildFile; fileRef = 5377D5F72966AC4D0021D600 /* TagView.swift */; };
		5377D5FA2966AC4D0021D600 /* TagView.swift in Sources */ = {isa = PBXBuildFile; fileRef = 5377D5F72966AC4D0021D600 /* TagView.swift */; };
		5377D6002966C9560021D600 /* Transformation.swift in Sources */ = {isa = PBXBuildFile; fileRef = 5377D5FF2966C9560021D600 /* Transformation.swift */; };
		5377D6012966C9560021D600 /* Transformation.swift in Sources */ = {isa = PBXBuildFile; fileRef = 5377D5FF2966C9560021D600 /* Transformation.swift */; };
		5377D6022966C9560021D600 /* Transformation.swift in Sources */ = {isa = PBXBuildFile; fileRef = 5377D5FF2966C9560021D600 /* Transformation.swift */; };
		5377D6032966D2F10021D600 /* StationDetailViewModel.swift in Sources */ = {isa = PBXBuildFile; fileRef = 53DE52A42965E75900C5C7A5 /* StationDetailViewModel.swift */; };
		5377D6042966D2F20021D600 /* StationDetailViewModel.swift in Sources */ = {isa = PBXBuildFile; fileRef = 53DE52A42965E75900C5C7A5 /* StationDetailViewModel.swift */; };
		5377D6072967EB310021D600 /* TagViewModel.swift in Sources */ = {isa = PBXBuildFile; fileRef = 5377D6062967EB310021D600 /* TagViewModel.swift */; };
		5377D6082967EB310021D600 /* TagViewModel.swift in Sources */ = {isa = PBXBuildFile; fileRef = 5377D6062967EB310021D600 /* TagViewModel.swift */; };
		5377D6092967EB310021D600 /* TagViewModel.swift in Sources */ = {isa = PBXBuildFile; fileRef = 5377D6062967EB310021D600 /* TagViewModel.swift */; };
		5377D60B2967FC840021D600 /* ExitInfoView.swift in Sources */ = {isa = PBXBuildFile; fileRef = 5377D60A2967FC840021D600 /* ExitInfoView.swift */; };
		5377D60C2967FC840021D600 /* ExitInfoView.swift in Sources */ = {isa = PBXBuildFile; fileRef = 5377D60A2967FC840021D600 /* ExitInfoView.swift */; };
		5377D60D2967FC840021D600 /* ExitInfoView.swift in Sources */ = {isa = PBXBuildFile; fileRef = 5377D60A2967FC840021D600 /* ExitInfoView.swift */; };
		5377D60F29680F420021D600 /* ExitInfoViewModel.swift in Sources */ = {isa = PBXBuildFile; fileRef = 5377D60E29680F420021D600 /* ExitInfoViewModel.swift */; };
		5377D61029680F420021D600 /* ExitInfoViewModel.swift in Sources */ = {isa = PBXBuildFile; fileRef = 5377D60E29680F420021D600 /* ExitInfoViewModel.swift */; };
		5377D61129680F420021D600 /* ExitInfoViewModel.swift in Sources */ = {isa = PBXBuildFile; fileRef = 5377D60E29680F420021D600 /* ExitInfoViewModel.swift */; };
		5377D613296824F30021D600 /* EnumService.swift in Sources */ = {isa = PBXBuildFile; fileRef = 5377D612296824F30021D600 /* EnumService.swift */; };
		5377D614296824F30021D600 /* EnumService.swift in Sources */ = {isa = PBXBuildFile; fileRef = 5377D612296824F30021D600 /* EnumService.swift */; };
		5377D615296824F30021D600 /* EnumService.swift in Sources */ = {isa = PBXBuildFile; fileRef = 5377D612296824F30021D600 /* EnumService.swift */; };
		5377D6172968647D0021D600 /* NavigationLazyView.swift in Sources */ = {isa = PBXBuildFile; fileRef = 5377D6162968647D0021D600 /* NavigationLazyView.swift */; };
		5377D6182968647D0021D600 /* NavigationLazyView.swift in Sources */ = {isa = PBXBuildFile; fileRef = 5377D6162968647D0021D600 /* NavigationLazyView.swift */; };
		5377D6192968647D0021D600 /* NavigationLazyView.swift in Sources */ = {isa = PBXBuildFile; fileRef = 5377D6162968647D0021D600 /* NavigationLazyView.swift */; };
		5377D61B296881320021D600 /* ViewExtension.swift in Sources */ = {isa = PBXBuildFile; fileRef = 5377D61A296881320021D600 /* ViewExtension.swift */; };
		5377D61C296881320021D600 /* ViewExtension.swift in Sources */ = {isa = PBXBuildFile; fileRef = 5377D61A296881320021D600 /* ViewExtension.swift */; };
		5377D61D296881320021D600 /* ViewExtension.swift in Sources */ = {isa = PBXBuildFile; fileRef = 5377D61A296881320021D600 /* ViewExtension.swift */; };
		5377D62029688E450021D600 /* Zoomable in Frameworks */ = {isa = PBXBuildFile; productRef = 5377D61F29688E450021D600 /* Zoomable */; };
		5377D622296892590021D600 /* StationMapView.swift in Sources */ = {isa = PBXBuildFile; fileRef = 5377D621296892590021D600 /* StationMapView.swift */; };
		5377D623296892590021D600 /* StationMapView.swift in Sources */ = {isa = PBXBuildFile; fileRef = 5377D621296892590021D600 /* StationMapView.swift */; };
		5377D624296892590021D600 /* StationMapView.swift in Sources */ = {isa = PBXBuildFile; fileRef = 5377D621296892590021D600 /* StationMapView.swift */; };
		5377D626296892710021D600 /* StationMapViewModel.swift in Sources */ = {isa = PBXBuildFile; fileRef = 5377D625296892710021D600 /* StationMapViewModel.swift */; };
		5377D627296892710021D600 /* StationMapViewModel.swift in Sources */ = {isa = PBXBuildFile; fileRef = 5377D625296892710021D600 /* StationMapViewModel.swift */; };
		5377D628296892710021D600 /* StationMapViewModel.swift in Sources */ = {isa = PBXBuildFile; fileRef = 5377D625296892710021D600 /* StationMapViewModel.swift */; };
		537DC1EC296A726B006A3ACD /* Place.swift in Sources */ = {isa = PBXBuildFile; fileRef = 537DC1EB296A726B006A3ACD /* Place.swift */; };
		537DC1ED296A726B006A3ACD /* Place.swift in Sources */ = {isa = PBXBuildFile; fileRef = 537DC1EB296A726B006A3ACD /* Place.swift */; };
		537DC1EE296A726B006A3ACD /* Place.swift in Sources */ = {isa = PBXBuildFile; fileRef = 537DC1EB296A726B006A3ACD /* Place.swift */; };
		53B63E2129769F3700733090 /* UserDefaultsExtension.swift in Sources */ = {isa = PBXBuildFile; fileRef = 53B63E2029769F3700733090 /* UserDefaultsExtension.swift */; };
		53B63E232977D64900733090 /* UtilityService.swift in Sources */ = {isa = PBXBuildFile; fileRef = 53B63E222977D64900733090 /* UtilityService.swift */; };
		53D2A7052950B0FE00B997CC /* KaohsiungMRTNaviApp.swift in Sources */ = {isa = PBXBuildFile; fileRef = 53D2A7042950B0FE00B997CC /* KaohsiungMRTNaviApp.swift */; };
		53D2A7072950B0FE00B997CC /* ContentView.swift in Sources */ = {isa = PBXBuildFile; fileRef = 53D2A7062950B0FE00B997CC /* ContentView.swift */; };
		53D2A7092950B10000B997CC /* Assets.xcassets in Resources */ = {isa = PBXBuildFile; fileRef = 53D2A7082950B10000B997CC /* Assets.xcassets */; };
		53D2A70C2950B10000B997CC /* Preview Assets.xcassets in Resources */ = {isa = PBXBuildFile; fileRef = 53D2A70B2950B10000B997CC /* Preview Assets.xcassets */; };
		53D2A7202950B10000B997CC /* Kaohsiung_MRT_NaviUITests.swift in Sources */ = {isa = PBXBuildFile; fileRef = 53D2A71F2950B10000B997CC /* Kaohsiung_MRT_NaviUITests.swift */; };
		53D2A7222950B10000B997CC /* Kaohsiung_MRT_NaviUITestsLaunchTests.swift in Sources */ = {isa = PBXBuildFile; fileRef = 53D2A7212950B10000B997CC /* Kaohsiung_MRT_NaviUITestsLaunchTests.swift */; };
		53D2A73829561E6900B997CC /* kmrt.json in Resources */ = {isa = PBXBuildFile; fileRef = 53D2A73629561E6900B997CC /* kmrt.json */; };
		53D2A73929561E6900B997CC /* kmrt.json in Resources */ = {isa = PBXBuildFile; fileRef = 53D2A73629561E6900B997CC /* kmrt.json */; };
		53D2A73A29561E6900B997CC /* kmrt.json in Resources */ = {isa = PBXBuildFile; fileRef = 53D2A73629561E6900B997CC /* kmrt.json */; };
		53D2A73B29561E6900B997CC /* kmrt_station_time_fee.json in Resources */ = {isa = PBXBuildFile; fileRef = 53D2A73729561E6900B997CC /* kmrt_station_time_fee.json */; };
		53D2A73C29561E6900B997CC /* kmrt_station_time_fee.json in Resources */ = {isa = PBXBuildFile; fileRef = 53D2A73729561E6900B997CC /* kmrt_station_time_fee.json */; };
		53D2A73D29561E6900B997CC /* kmrt_station_time_fee.json in Resources */ = {isa = PBXBuildFile; fileRef = 53D2A73729561E6900B997CC /* kmrt_station_time_fee.json */; };
		53D2A73F29561ED500B997CC /* TabBarView.swift in Sources */ = {isa = PBXBuildFile; fileRef = 53D2A73E29561ED500B997CC /* TabBarView.swift */; };
		53D2A74029561ED500B997CC /* TabBarView.swift in Sources */ = {isa = PBXBuildFile; fileRef = 53D2A73E29561ED500B997CC /* TabBarView.swift */; };
		53D2A74129561ED500B997CC /* TabBarView.swift in Sources */ = {isa = PBXBuildFile; fileRef = 53D2A73E29561ED500B997CC /* TabBarView.swift */; };
		53D2A7432956245000B997CC /* ContentView.swift in Sources */ = {isa = PBXBuildFile; fileRef = 53D2A7062950B0FE00B997CC /* ContentView.swift */; };
		53D2A7442956245000B997CC /* ContentView.swift in Sources */ = {isa = PBXBuildFile; fileRef = 53D2A7062950B0FE00B997CC /* ContentView.swift */; };
		53D2A74A295626B600B997CC /* Localizable.strings in Resources */ = {isa = PBXBuildFile; fileRef = 53D2A74E295626B600B997CC /* Localizable.strings */; };
		53D2A74B295626B600B997CC /* Localizable.strings in Resources */ = {isa = PBXBuildFile; fileRef = 53D2A74E295626B600B997CC /* Localizable.strings */; };
		53D2A74C295626B600B997CC /* Localizable.strings in Resources */ = {isa = PBXBuildFile; fileRef = 53D2A74E295626B600B997CC /* Localizable.strings */; };
		53DADC2F295AFC6900FEAE33 /* RouteService.swift in Sources */ = {isa = PBXBuildFile; fileRef = 53DADC2E295AFC6900FEAE33 /* RouteService.swift */; };
		53DADC31295AFC7300FEAE33 /* Station.swift in Sources */ = {isa = PBXBuildFile; fileRef = 53DADC30295AFC7300FEAE33 /* Station.swift */; };
		53DADC33295B5A0800FEAE33 /* APIService.swift in Sources */ = {isa = PBXBuildFile; fileRef = 53DADC32295B5A0800FEAE33 /* APIService.swift */; };
		53DADC36295C8F4100FEAE33 /* Geohash in Frameworks */ = {isa = PBXBuildFile; productRef = 53DADC35295C8F4100FEAE33 /* Geohash */; };
		53DADC39295C8F7E00FEAE33 /* Polyline in Frameworks */ = {isa = PBXBuildFile; productRef = 53DADC38295C8F7E00FEAE33 /* Polyline */; };
		53DADC3D295D6FB400FEAE33 /* StationServiceTests.swift in Sources */ = {isa = PBXBuildFile; fileRef = 53DADC3C295D6FB400FEAE33 /* StationServiceTests.swift */; };
		53DADC3F295D71CC00FEAE33 /* Route.swift in Sources */ = {isa = PBXBuildFile; fileRef = 53DADC3E295D71CC00FEAE33 /* Route.swift */; };
		53DADC42295D726800FEAE33 /* InfoPlist.strings in Resources */ = {isa = PBXBuildFile; fileRef = 53DADC44295D726800FEAE33 /* InfoPlist.strings */; };
		53DADC4A295D73FA00FEAE33 /* RouteListView.swift in Sources */ = {isa = PBXBuildFile; fileRef = 53DADC49295D73FA00FEAE33 /* RouteListView.swift */; };
		53DADC4C295D760300FEAE33 /* RouteCell.swift in Sources */ = {isa = PBXBuildFile; fileRef = 53DADC4B295D760300FEAE33 /* RouteCell.swift */; };
		53DADC4E295D762200FEAE33 /* RouteCellViewModel.swift in Sources */ = {isa = PBXBuildFile; fileRef = 53DADC4D295D762200FEAE33 /* RouteCellViewModel.swift */; };
		53DADC55295D9E0700FEAE33 /* ColorExtension.swift in Sources */ = {isa = PBXBuildFile; fileRef = 53DADC54295D9E0700FEAE33 /* ColorExtension.swift */; };
		53DADC58295DF32700FEAE33 /* RouteListViewModel.swift in Sources */ = {isa = PBXBuildFile; fileRef = 53DADC57295DF32700FEAE33 /* RouteListViewModel.swift */; };
		53DADC5A295E079400FEAE33 /* StationListView.swift in Sources */ = {isa = PBXBuildFile; fileRef = 53DADC59295E079400FEAE33 /* StationListView.swift */; };
		53DADC5C295E07A800FEAE33 /* StationListViewModel.swift in Sources */ = {isa = PBXBuildFile; fileRef = 53DADC5B295E07A800FEAE33 /* StationListViewModel.swift */; };
		53DADC5E295E07FD00FEAE33 /* StringExtension.swift in Sources */ = {isa = PBXBuildFile; fileRef = 53DADC5D295E07FD00FEAE33 /* StringExtension.swift */; };
		53DADC62295EC62700FEAE33 /* ConstantService.swift in Sources */ = {isa = PBXBuildFile; fileRef = 53DADC61295EC62700FEAE33 /* ConstantService.swift */; };
		53DADC64295ECA0A00FEAE33 /* StationCell.swift in Sources */ = {isa = PBXBuildFile; fileRef = 53DADC63295ECA0A00FEAE33 /* StationCell.swift */; };
		53DADC66295ECB2E00FEAE33 /* StationCellViewModel.swift in Sources */ = {isa = PBXBuildFile; fileRef = 53DADC65295ECB2E00FEAE33 /* StationCellViewModel.swift */; };
		53DE52A52965E75900C5C7A5 /* StationDetailViewModel.swift in Sources */ = {isa = PBXBuildFile; fileRef = 53DE52A42965E75900C5C7A5 /* StationDetailViewModel.swift */; };
		53EEB4FD296A923B00A8C066 /* PlaceAnnotationView.swift in Sources */ = {isa = PBXBuildFile; fileRef = 53EEB4FC296A923B00A8C066 /* PlaceAnnotationView.swift */; };
		53EEB4FE296A923B00A8C066 /* PlaceAnnotationView.swift in Sources */ = {isa = PBXBuildFile; fileRef = 53EEB4FC296A923B00A8C066 /* PlaceAnnotationView.swift */; };
		53EEB4FF296A923B00A8C066 /* PlaceAnnotationView.swift in Sources */ = {isa = PBXBuildFile; fileRef = 53EEB4FC296A923B00A8C066 /* PlaceAnnotationView.swift */; };
		53EEB501296A926700A8C066 /* PlaceAnnotationViewModel.swift in Sources */ = {isa = PBXBuildFile; fileRef = 53EEB500296A926700A8C066 /* PlaceAnnotationViewModel.swift */; };
		53EEB502296A926700A8C066 /* PlaceAnnotationViewModel.swift in Sources */ = {isa = PBXBuildFile; fileRef = 53EEB500296A926700A8C066 /* PlaceAnnotationViewModel.swift */; };
		53EEB503296A926700A8C066 /* PlaceAnnotationViewModel.swift in Sources */ = {isa = PBXBuildFile; fileRef = 53EEB500296A926700A8C066 /* PlaceAnnotationViewModel.swift */; };
/* End PBXBuildFile section */

/* Begin PBXContainerItemProxy section */
		53D2A7122950B10000B997CC /* PBXContainerItemProxy */ = {
			isa = PBXContainerItemProxy;
			containerPortal = 53D2A6F92950B0FE00B997CC /* Project object */;
			proxyType = 1;
			remoteGlobalIDString = 53D2A7002950B0FE00B997CC;
			remoteInfo = "Kaohsiung MRT Navi";
		};
		53D2A71C2950B10000B997CC /* PBXContainerItemProxy */ = {
			isa = PBXContainerItemProxy;
			containerPortal = 53D2A6F92950B0FE00B997CC /* Project object */;
			proxyType = 1;
			remoteGlobalIDString = 53D2A7002950B0FE00B997CC;
			remoteInfo = "Kaohsiung MRT Navi";
		};
/* End PBXContainerItemProxy section */

/* Begin PBXFileReference section */
		53147ED7296C8BE400120505 /* RouteMapView.swift */ = {isa = PBXFileReference; lastKnownFileType = sourcecode.swift; path = RouteMapView.swift; sourceTree = "<group>"; };
		53147EDB296C90C300120505 /* RouteMapViewModel.swift */ = {isa = PBXFileReference; lastKnownFileType = sourcecode.swift; path = RouteMapViewModel.swift; sourceTree = "<group>"; };
		53147EDF296C90CD00120505 /* LocationService.swift */ = {isa = PBXFileReference; lastKnownFileType = sourcecode.swift; path = LocationService.swift; sourceTree = "<group>"; };
		53147EE3296D1F9500120505 /* MapView.swift */ = {isa = PBXFileReference; lastKnownFileType = sourcecode.swift; path = MapView.swift; sourceTree = "<group>"; };
		53147EE7296D667B00120505 /* MapViewModel.swift */ = {isa = PBXFileReference; lastKnownFileType = sourcecode.swift; path = MapViewModel.swift; sourceTree = "<group>"; };
		53147EEB296D715700120505 /* Annotation.swift */ = {isa = PBXFileReference; lastKnownFileType = sourcecode.swift; path = Annotation.swift; sourceTree = "<group>"; };
		53147EEF296DC26C00120505 /* UIImageExtenstion.swift */ = {isa = PBXFileReference; lastKnownFileType = sourcecode.swift; path = UIImageExtenstion.swift; sourceTree = "<group>"; };
		53147EF3296E96D000120505 /* TrainInfoView.swift */ = {isa = PBXFileReference; lastKnownFileType = sourcecode.swift; path = TrainInfoView.swift; sourceTree = "<group>"; };
		53147EF7296E974800120505 /* TrainInfoViewModel.swift */ = {isa = PBXFileReference; lastKnownFileType = sourcecode.swift; path = TrainInfoViewModel.swift; sourceTree = "<group>"; };
		53147EFB296EBA1800120505 /* StationTimeView.swift */ = {isa = PBXFileReference; lastKnownFileType = sourcecode.swift; path = StationTimeView.swift; sourceTree = "<group>"; };
		53147EFF296EBA2A00120505 /* StationTimeViewModel.swift */ = {isa = PBXFileReference; lastKnownFileType = sourcecode.swift; path = StationTimeViewModel.swift; sourceTree = "<group>"; };
		53147F03296EFB9900120505 /* NetworkMonitorService.swift */ = {isa = PBXFileReference; lastKnownFileType = sourcecode.swift; path = NetworkMonitorService.swift; sourceTree = "<group>"; };
		53147F07296FA57800120505 /* ColorExtensionTest.swift */ = {isa = PBXFileReference; lastKnownFileType = sourcecode.swift; path = ColorExtensionTest.swift; sourceTree = "<group>"; };
		53147F092970F61400120505 /* KNaviConfig.xcconfig */ = {isa = PBXFileReference; lastKnownFileType = text.xcconfig; path = KNaviConfig.xcconfig; sourceTree = "<group>"; };
		53147F0D297150CD00120505 /* Kaohsiung MRT Navi.entitlements */ = {isa = PBXFileReference; lastKnownFileType = text.plist.entitlements; path = "Kaohsiung MRT Navi.entitlements"; sourceTree = "<group>"; };
		53147F0E297151D100120505 /* Token.swift */ = {isa = PBXFileReference; lastKnownFileType = sourcecode.swift; path = Token.swift; sourceTree = "<group>"; };
		53147F102975BC4700120505 /* TrainTime.swift */ = {isa = PBXFileReference; lastKnownFileType = sourcecode.swift; path = TrainTime.swift; sourceTree = "<group>"; };
		531E497F296582AF002DF760 /* StationDetailView.swift */ = {isa = PBXFileReference; lastKnownFileType = sourcecode.swift; path = StationDetailView.swift; sourceTree = "<group>"; };
		531E49812965835C002DF760 /* RouteListViewModelTests.swift */ = {isa = PBXFileReference; lastKnownFileType = sourcecode.swift; path = RouteListViewModelTests.swift; sourceTree = "<group>"; };
		531E499F296589D7002DF760 /* StationListViewModelTests.swift */ = {isa = PBXFileReference; lastKnownFileType = sourcecode.swift; path = StationListViewModelTests.swift; sourceTree = "<group>"; };
		5325F8D72969EDBB00CEAE82 /* VerticalLineView.swift */ = {isa = PBXFileReference; lastKnownFileType = sourcecode.swift; path = VerticalLineView.swift; sourceTree = "<group>"; };
		5325F8D92969EDC800CEAE82 /* HorizontalLineView.swift */ = {isa = PBXFileReference; lastKnownFileType = sourcecode.swift; path = HorizontalLineView.swift; sourceTree = "<group>"; };
		5325F8DB2969EDDA00CEAE82 /* LineViewModel.swift */ = {isa = PBXFileReference; lastKnownFileType = sourcecode.swift; path = LineViewModel.swift; sourceTree = "<group>"; };
		5338E41C296AE74600517C57 /* DottedLine.swift */ = {isa = PBXFileReference; lastKnownFileType = sourcecode.swift; path = DottedLine.swift; sourceTree = "<group>"; };
		5339D2D5296C1D3D00522F2B /* StationMapViewModelTest.swift */ = {isa = PBXFileReference; lastKnownFileType = sourcecode.swift; path = StationMapViewModelTest.swift; sourceTree = "<group>"; };
		5339D2EC296C4F0C00522F2B /* StationDetailViewModelTest.swift */ = {isa = PBXFileReference; lastKnownFileType = sourcecode.swift; path = StationDetailViewModelTest.swift; sourceTree = "<group>"; };
		5339D2F2296C524500522F2B /* XCTest.framework */ = {isa = PBXFileReference; lastKnownFileType = wrapper.framework; name = XCTest.framework; path = Platforms/iPhoneOS.platform/Developer/Library/Frameworks/XCTest.framework; sourceTree = DEVELOPER_DIR; };
		53506CB4295831520069F788 /* twicon.otf */ = {isa = PBXFileReference; lastKnownFileType = file; path = twicon.otf; sourceTree = "<group>"; };
		5377D5F72966AC4D0021D600 /* TagView.swift */ = {isa = PBXFileReference; lastKnownFileType = sourcecode.swift; path = TagView.swift; sourceTree = "<group>"; };
		5377D5FF2966C9560021D600 /* Transformation.swift */ = {isa = PBXFileReference; lastKnownFileType = sourcecode.swift; path = Transformation.swift; sourceTree = "<group>"; };
		5377D6062967EB310021D600 /* TagViewModel.swift */ = {isa = PBXFileReference; lastKnownFileType = sourcecode.swift; path = TagViewModel.swift; sourceTree = "<group>"; };
		5377D60A2967FC840021D600 /* ExitInfoView.swift */ = {isa = PBXFileReference; lastKnownFileType = sourcecode.swift; path = ExitInfoView.swift; sourceTree = "<group>"; };
		5377D60E29680F420021D600 /* ExitInfoViewModel.swift */ = {isa = PBXFileReference; lastKnownFileType = sourcecode.swift; path = ExitInfoViewModel.swift; sourceTree = "<group>"; };
		5377D612296824F30021D600 /* EnumService.swift */ = {isa = PBXFileReference; lastKnownFileType = sourcecode.swift; path = EnumService.swift; sourceTree = "<group>"; };
		5377D6162968647D0021D600 /* NavigationLazyView.swift */ = {isa = PBXFileReference; lastKnownFileType = sourcecode.swift; path = NavigationLazyView.swift; sourceTree = "<group>"; };
		5377D61A296881320021D600 /* ViewExtension.swift */ = {isa = PBXFileReference; lastKnownFileType = sourcecode.swift; path = ViewExtension.swift; sourceTree = "<group>"; };
		5377D621296892590021D600 /* StationMapView.swift */ = {isa = PBXFileReference; lastKnownFileType = sourcecode.swift; path = StationMapView.swift; sourceTree = "<group>"; };
		5377D625296892710021D600 /* StationMapViewModel.swift */ = {isa = PBXFileReference; lastKnownFileType = sourcecode.swift; path = StationMapViewModel.swift; sourceTree = "<group>"; };
		537DC1EB296A726B006A3ACD /* Place.swift */ = {isa = PBXFileReference; lastKnownFileType = sourcecode.swift; path = Place.swift; sourceTree = "<group>"; };
		53B63E2029769F3700733090 /* UserDefaultsExtension.swift */ = {isa = PBXFileReference; lastKnownFileType = sourcecode.swift; path = UserDefaultsExtension.swift; sourceTree = "<group>"; };
		53B63E222977D64900733090 /* UtilityService.swift */ = {isa = PBXFileReference; lastKnownFileType = sourcecode.swift; path = UtilityService.swift; sourceTree = "<group>"; };
		53D2A7012950B0FE00B997CC /* Kaohsiung MRT Navi.app */ = {isa = PBXFileReference; explicitFileType = wrapper.application; includeInIndex = 0; path = "Kaohsiung MRT Navi.app"; sourceTree = BUILT_PRODUCTS_DIR; };
		53D2A7042950B0FE00B997CC /* KaohsiungMRTNaviApp.swift */ = {isa = PBXFileReference; lastKnownFileType = sourcecode.swift; path = KaohsiungMRTNaviApp.swift; sourceTree = "<group>"; };
		53D2A7062950B0FE00B997CC /* ContentView.swift */ = {isa = PBXFileReference; lastKnownFileType = sourcecode.swift; path = ContentView.swift; sourceTree = "<group>"; };
		53D2A7082950B10000B997CC /* Assets.xcassets */ = {isa = PBXFileReference; lastKnownFileType = folder.assetcatalog; path = Assets.xcassets; sourceTree = "<group>"; };
		53D2A70B2950B10000B997CC /* Preview Assets.xcassets */ = {isa = PBXFileReference; lastKnownFileType = folder.assetcatalog; path = "Preview Assets.xcassets"; sourceTree = "<group>"; };
		53D2A7112950B10000B997CC /* Kaohsiung MRT NaviTests.xctest */ = {isa = PBXFileReference; explicitFileType = wrapper.cfbundle; includeInIndex = 0; path = "Kaohsiung MRT NaviTests.xctest"; sourceTree = BUILT_PRODUCTS_DIR; };
		53D2A71B2950B10000B997CC /* Kaohsiung MRT NaviUITests.xctest */ = {isa = PBXFileReference; explicitFileType = wrapper.cfbundle; includeInIndex = 0; path = "Kaohsiung MRT NaviUITests.xctest"; sourceTree = BUILT_PRODUCTS_DIR; };
		53D2A71F2950B10000B997CC /* Kaohsiung_MRT_NaviUITests.swift */ = {isa = PBXFileReference; lastKnownFileType = sourcecode.swift; path = Kaohsiung_MRT_NaviUITests.swift; sourceTree = "<group>"; };
		53D2A7212950B10000B997CC /* Kaohsiung_MRT_NaviUITestsLaunchTests.swift */ = {isa = PBXFileReference; lastKnownFileType = sourcecode.swift; path = Kaohsiung_MRT_NaviUITestsLaunchTests.swift; sourceTree = "<group>"; };
		53D2A73629561E6900B997CC /* kmrt.json */ = {isa = PBXFileReference; fileEncoding = 4; lastKnownFileType = text.json; path = kmrt.json; sourceTree = "<group>"; };
		53D2A73729561E6900B997CC /* kmrt_station_time_fee.json */ = {isa = PBXFileReference; fileEncoding = 4; lastKnownFileType = text.json; path = kmrt_station_time_fee.json; sourceTree = "<group>"; };
		53D2A73E29561ED500B997CC /* TabBarView.swift */ = {isa = PBXFileReference; lastKnownFileType = sourcecode.swift; path = TabBarView.swift; sourceTree = "<group>"; };
		53D2A74D295626B600B997CC /* en */ = {isa = PBXFileReference; lastKnownFileType = text.plist.strings; name = en; path = en.lproj/Localizable.strings; sourceTree = "<group>"; };
		53D2A74F295626BA00B997CC /* zh-Hant */ = {isa = PBXFileReference; lastKnownFileType = text.plist.strings; name = "zh-Hant"; path = "zh-Hant.lproj/Localizable.strings"; sourceTree = "<group>"; };
		53D2A750295626BB00B997CC /* ja */ = {isa = PBXFileReference; lastKnownFileType = text.plist.strings; name = ja; path = ja.lproj/Localizable.strings; sourceTree = "<group>"; };
		53D2A751295626BC00B997CC /* ko */ = {isa = PBXFileReference; lastKnownFileType = text.plist.strings; name = ko; path = ko.lproj/Localizable.strings; sourceTree = "<group>"; };
		53D2A7562956286800B997CC /* Info.plist */ = {isa = PBXFileReference; fileEncoding = 4; lastKnownFileType = text.plist.xml; path = Info.plist; sourceTree = "<group>"; };
		53DADC2D295AEFBA00FEAE33 /* zh-Hans */ = {isa = PBXFileReference; lastKnownFileType = text.plist.strings; name = "zh-Hans"; path = "zh-Hans.lproj/Localizable.strings"; sourceTree = "<group>"; };
		53DADC2E295AFC6900FEAE33 /* RouteService.swift */ = {isa = PBXFileReference; lastKnownFileType = sourcecode.swift; path = RouteService.swift; sourceTree = "<group>"; };
		53DADC30295AFC7300FEAE33 /* Station.swift */ = {isa = PBXFileReference; lastKnownFileType = sourcecode.swift; path = Station.swift; sourceTree = "<group>"; };
		53DADC32295B5A0800FEAE33 /* APIService.swift */ = {isa = PBXFileReference; lastKnownFileType = sourcecode.swift; path = APIService.swift; sourceTree = "<group>"; };
		53DADC3C295D6FB400FEAE33 /* StationServiceTests.swift */ = {isa = PBXFileReference; lastKnownFileType = sourcecode.swift; path = StationServiceTests.swift; sourceTree = "<group>"; };
		53DADC3E295D71CC00FEAE33 /* Route.swift */ = {isa = PBXFileReference; lastKnownFileType = sourcecode.swift; path = Route.swift; sourceTree = "<group>"; };
		53DADC43295D726800FEAE33 /* zh-Hant */ = {isa = PBXFileReference; lastKnownFileType = text.plist.strings; name = "zh-Hant"; path = "zh-Hant.lproj/InfoPlist.strings"; sourceTree = "<group>"; };
		53DADC45295D726B00FEAE33 /* zh-Hans */ = {isa = PBXFileReference; lastKnownFileType = text.plist.strings; name = "zh-Hans"; path = "zh-Hans.lproj/InfoPlist.strings"; sourceTree = "<group>"; };
		53DADC46295D726C00FEAE33 /* en */ = {isa = PBXFileReference; lastKnownFileType = text.plist.strings; name = en; path = en.lproj/InfoPlist.strings; sourceTree = "<group>"; };
		53DADC47295D726D00FEAE33 /* ja */ = {isa = PBXFileReference; lastKnownFileType = text.plist.strings; name = ja; path = ja.lproj/InfoPlist.strings; sourceTree = "<group>"; };
		53DADC48295D726E00FEAE33 /* ko */ = {isa = PBXFileReference; lastKnownFileType = text.plist.strings; name = ko; path = ko.lproj/InfoPlist.strings; sourceTree = "<group>"; };
		53DADC49295D73FA00FEAE33 /* RouteListView.swift */ = {isa = PBXFileReference; lastKnownFileType = sourcecode.swift; path = RouteListView.swift; sourceTree = "<group>"; };
		53DADC4B295D760300FEAE33 /* RouteCell.swift */ = {isa = PBXFileReference; lastKnownFileType = sourcecode.swift; path = RouteCell.swift; sourceTree = "<group>"; };
		53DADC4D295D762200FEAE33 /* RouteCellViewModel.swift */ = {isa = PBXFileReference; lastKnownFileType = sourcecode.swift; path = RouteCellViewModel.swift; sourceTree = "<group>"; };
		53DADC54295D9E0700FEAE33 /* ColorExtension.swift */ = {isa = PBXFileReference; lastKnownFileType = sourcecode.swift; path = ColorExtension.swift; sourceTree = "<group>"; };
		53DADC57295DF32700FEAE33 /* RouteListViewModel.swift */ = {isa = PBXFileReference; lastKnownFileType = sourcecode.swift; path = RouteListViewModel.swift; sourceTree = "<group>"; };
		53DADC59295E079400FEAE33 /* StationListView.swift */ = {isa = PBXFileReference; lastKnownFileType = sourcecode.swift; path = StationListView.swift; sourceTree = "<group>"; };
		53DADC5B295E07A800FEAE33 /* StationListViewModel.swift */ = {isa = PBXFileReference; lastKnownFileType = sourcecode.swift; path = StationListViewModel.swift; sourceTree = "<group>"; };
		53DADC5D295E07FD00FEAE33 /* StringExtension.swift */ = {isa = PBXFileReference; lastKnownFileType = sourcecode.swift; path = StringExtension.swift; sourceTree = "<group>"; };
		53DADC61295EC62700FEAE33 /* ConstantService.swift */ = {isa = PBXFileReference; lastKnownFileType = sourcecode.swift; path = ConstantService.swift; sourceTree = "<group>"; };
		53DADC63295ECA0A00FEAE33 /* StationCell.swift */ = {isa = PBXFileReference; lastKnownFileType = sourcecode.swift; path = StationCell.swift; sourceTree = "<group>"; };
		53DADC65295ECB2E00FEAE33 /* StationCellViewModel.swift */ = {isa = PBXFileReference; lastKnownFileType = sourcecode.swift; path = StationCellViewModel.swift; sourceTree = "<group>"; };
		53DE52A42965E75900C5C7A5 /* StationDetailViewModel.swift */ = {isa = PBXFileReference; lastKnownFileType = sourcecode.swift; path = StationDetailViewModel.swift; sourceTree = "<group>"; };
		53EEB4FC296A923B00A8C066 /* PlaceAnnotationView.swift */ = {isa = PBXFileReference; lastKnownFileType = sourcecode.swift; path = PlaceAnnotationView.swift; sourceTree = "<group>"; };
		53EEB500296A926700A8C066 /* PlaceAnnotationViewModel.swift */ = {isa = PBXFileReference; lastKnownFileType = sourcecode.swift; path = PlaceAnnotationViewModel.swift; sourceTree = "<group>"; };
/* End PBXFileReference section */

/* Begin PBXFrameworksBuildPhase section */
		53D2A6FE2950B0FE00B997CC /* Frameworks */ = {
			isa = PBXFrameworksBuildPhase;
			buildActionMask = 2147483647;
			files = (
				53DADC36295C8F4100FEAE33 /* Geohash in Frameworks */,
				53506CB12956AA340069F788 /* Kingfisher in Frameworks */,
				53DADC39295C8F7E00FEAE33 /* Polyline in Frameworks */,
				5377D62029688E450021D600 /* Zoomable in Frameworks */,
			);
			runOnlyForDeploymentPostprocessing = 0;
		};
		53D2A70E2950B10000B997CC /* Frameworks */ = {
			isa = PBXFrameworksBuildPhase;
			buildActionMask = 2147483647;
			files = (
				5339D2F1296C523700522F2B /* Zoomable in Frameworks */,
			);
			runOnlyForDeploymentPostprocessing = 0;
		};
		53D2A7182950B10000B997CC /* Frameworks */ = {
			isa = PBXFrameworksBuildPhase;
			buildActionMask = 2147483647;
			files = (
				53147ED4296C53D600120505 /* Geohash in Frameworks */,
				5339D2E7296C4CEE00522F2B /* Kingfisher in Frameworks */,
				5339D2DB296C24E600522F2B /* Zoomable in Frameworks */,
			);
			runOnlyForDeploymentPostprocessing = 0;
		};
/* End PBXFrameworksBuildPhase section */

/* Begin PBXGroup section */
		5339D2D9296C207700522F2B /* Frameworks */ = {
			isa = PBXGroup;
			children = (
				5339D2F2296C524500522F2B /* XCTest.framework */,
			);
			name = Frameworks;
			sourceTree = "<group>";
		};
		5377D6052967EB1D0021D600 /* ComponentViewModel */ = {
			isa = PBXGroup;
			children = (
				5377D60E29680F420021D600 /* ExitInfoViewModel.swift */,
				5325F8DB2969EDDA00CEAE82 /* LineViewModel.swift */,
				53147EE7296D667B00120505 /* MapViewModel.swift */,
				53EEB500296A926700A8C066 /* PlaceAnnotationViewModel.swift */,
				53147EFF296EBA2A00120505 /* StationTimeViewModel.swift */,
				5377D6062967EB310021D600 /* TagViewModel.swift */,
				53147EF7296E974800120505 /* TrainInfoViewModel.swift */,
			);
			path = ComponentViewModel;
			sourceTree = "<group>";
		};
		53D2A6F82950B0FE00B997CC = {
			isa = PBXGroup;
			children = (
				53D2A7032950B0FE00B997CC /* Kaohsiung MRT Navi */,
				53D2A7142950B10000B997CC /* Kaohsiung MRT NaviTests */,
				53D2A71E2950B10000B997CC /* Kaohsiung MRT NaviUITests */,
				53D2A7022950B0FE00B997CC /* Products */,
				5339D2D9296C207700522F2B /* Frameworks */,
			);
			sourceTree = "<group>";
		};
		53D2A7022950B0FE00B997CC /* Products */ = {
			isa = PBXGroup;
			children = (
				53D2A7012950B0FE00B997CC /* Kaohsiung MRT Navi.app */,
				53D2A7112950B10000B997CC /* Kaohsiung MRT NaviTests.xctest */,
				53D2A71B2950B10000B997CC /* Kaohsiung MRT NaviUITests.xctest */,
			);
			name = Products;
			sourceTree = "<group>";
		};
		53D2A7032950B0FE00B997CC /* Kaohsiung MRT Navi */ = {
			isa = PBXGroup;
			children = (
				53D2A73229561C7A00B997CC /* Data */,
				53D2A73529561C8A00B997CC /* Extension */,
				53D2A73129561C7500B997CC /* Model */,
				53D2A70A2950B10000B997CC /* Preview Content */,
				53D2A73429561C8400B997CC /* Service */,
				53D2A72E29561C4D00B997CC /* View */,
				53D2A72F29561C5300B997CC /* ViewModel */,
				53D2A7082950B10000B997CC /* Assets.xcassets */,
				53D2A7562956286800B997CC /* Info.plist */,
				53147F0D297150CD00120505 /* Kaohsiung MRT Navi.entitlements */,
				53D2A7042950B0FE00B997CC /* KaohsiungMRTNaviApp.swift */,
				53147F092970F61400120505 /* KNaviConfig.xcconfig */,
			);
			path = "Kaohsiung MRT Navi";
			sourceTree = "<group>";
		};
		53D2A70A2950B10000B997CC /* Preview Content */ = {
			isa = PBXGroup;
			children = (
				53D2A70B2950B10000B997CC /* Preview Assets.xcassets */,
			);
			path = "Preview Content";
			sourceTree = "<group>";
		};
		53D2A7142950B10000B997CC /* Kaohsiung MRT NaviTests */ = {
			isa = PBXGroup;
			children = (
				53147F07296FA57800120505 /* ColorExtensionTest.swift */,
				531E49812965835C002DF760 /* RouteListViewModelTests.swift */,
				5339D2EC296C4F0C00522F2B /* StationDetailViewModelTest.swift */,
				531E499F296589D7002DF760 /* StationListViewModelTests.swift */,
				5339D2D5296C1D3D00522F2B /* StationMapViewModelTest.swift */,
				53DADC3C295D6FB400FEAE33 /* StationServiceTests.swift */,
			);
			path = "Kaohsiung MRT NaviTests";
			sourceTree = "<group>";
		};
		53D2A71E2950B10000B997CC /* Kaohsiung MRT NaviUITests */ = {
			isa = PBXGroup;
			children = (
				53D2A71F2950B10000B997CC /* Kaohsiung_MRT_NaviUITests.swift */,
				53D2A7212950B10000B997CC /* Kaohsiung_MRT_NaviUITestsLaunchTests.swift */,
			);
			path = "Kaohsiung MRT NaviUITests";
			sourceTree = "<group>";
		};
		53D2A72E29561C4D00B997CC /* View */ = {
			isa = PBXGroup;
			children = (
				53D2A74229561ED900B997CC /* Component */,
				53D2A7062950B0FE00B997CC /* ContentView.swift */,
				53DADC49295D73FA00FEAE33 /* RouteListView.swift */,
				53147ED7296C8BE400120505 /* RouteMapView.swift */,
				531E497F296582AF002DF760 /* StationDetailView.swift */,
				53DADC59295E079400FEAE33 /* StationListView.swift */,
				5377D621296892590021D600 /* StationMapView.swift */,
				53D2A73E29561ED500B997CC /* TabBarView.swift */,
			);
			path = View;
			sourceTree = "<group>";
		};
		53D2A72F29561C5300B997CC /* ViewModel */ = {
			isa = PBXGroup;
			children = (
				53DADC56295DC6BD00FEAE33 /* CellViewModel */,
				5377D6052967EB1D0021D600 /* ComponentViewModel */,
				53DADC57295DF32700FEAE33 /* RouteListViewModel.swift */,
				53147EDB296C90C300120505 /* RouteMapViewModel.swift */,
				53DE52A42965E75900C5C7A5 /* StationDetailViewModel.swift */,
				53DADC5B295E07A800FEAE33 /* StationListViewModel.swift */,
				5377D625296892710021D600 /* StationMapViewModel.swift */,
			);
			path = ViewModel;
			sourceTree = "<group>";
		};
		53D2A73129561C7500B997CC /* Model */ = {
			isa = PBXGroup;
			children = (
				53147EEB296D715700120505 /* Annotation.swift */,
				537DC1EB296A726B006A3ACD /* Place.swift */,
				53DADC3E295D71CC00FEAE33 /* Route.swift */,
				53DADC30295AFC7300FEAE33 /* Station.swift */,
				53147F0E297151D100120505 /* Token.swift */,
				53147F102975BC4700120505 /* TrainTime.swift */,
				5377D5FF2966C9560021D600 /* Transformation.swift */,
			);
			path = Model;
			sourceTree = "<group>";
		};
		53D2A73229561C7A00B997CC /* Data */ = {
			isa = PBXGroup;
			children = (
				53DADC44295D726800FEAE33 /* InfoPlist.strings */,
				53D2A73629561E6900B997CC /* kmrt.json */,
				53D2A73729561E6900B997CC /* kmrt_station_time_fee.json */,
				53D2A74E295626B600B997CC /* Localizable.strings */,
				53506CB4295831520069F788 /* twicon.otf */,
			);
			path = Data;
			sourceTree = "<group>";
		};
		53D2A73429561C8400B997CC /* Service */ = {
			isa = PBXGroup;
			children = (
				53DADC32295B5A0800FEAE33 /* APIService.swift */,
				53DADC61295EC62700FEAE33 /* ConstantService.swift */,
				5377D612296824F30021D600 /* EnumService.swift */,
				53147EDF296C90CD00120505 /* LocationService.swift */,
				53147F03296EFB9900120505 /* NetworkMonitorService.swift */,
				53DADC2E295AFC6900FEAE33 /* RouteService.swift */,
				53B63E222977D64900733090 /* UtilityService.swift */,
			);
			path = Service;
			sourceTree = "<group>";
		};
		53D2A73529561C8A00B997CC /* Extension */ = {
			isa = PBXGroup;
			children = (
				53DADC54295D9E0700FEAE33 /* ColorExtension.swift */,
				53DADC5D295E07FD00FEAE33 /* StringExtension.swift */,
				53147EEF296DC26C00120505 /* UIImageExtenstion.swift */,
				53B63E2029769F3700733090 /* UserDefaultsExtension.swift */,
				5377D61A296881320021D600 /* ViewExtension.swift */,
			);
			path = Extension;
			sourceTree = "<group>";
		};
		53D2A74229561ED900B997CC /* Component */ = {
			isa = PBXGroup;
			children = (
				5338E41C296AE74600517C57 /* DottedLine.swift */,
				5377D60A2967FC840021D600 /* ExitInfoView.swift */,
				5325F8D92969EDC800CEAE82 /* HorizontalLineView.swift */,
				53147EE3296D1F9500120505 /* MapView.swift */,
				5377D6162968647D0021D600 /* NavigationLazyView.swift */,
				53EEB4FC296A923B00A8C066 /* PlaceAnnotationView.swift */,
				53DADC4B295D760300FEAE33 /* RouteCell.swift */,
				53DADC63295ECA0A00FEAE33 /* StationCell.swift */,
				53147EFB296EBA1800120505 /* StationTimeView.swift */,
				5377D5F72966AC4D0021D600 /* TagView.swift */,
				53147EF3296E96D000120505 /* TrainInfoView.swift */,
				5325F8D72969EDBB00CEAE82 /* VerticalLineView.swift */,
			);
			path = Component;
			sourceTree = "<group>";
		};
		53DADC56295DC6BD00FEAE33 /* CellViewModel */ = {
			isa = PBXGroup;
			children = (
				53DADC4D295D762200FEAE33 /* RouteCellViewModel.swift */,
				53DADC65295ECB2E00FEAE33 /* StationCellViewModel.swift */,
			);
			path = CellViewModel;
			sourceTree = "<group>";
		};
/* End PBXGroup section */

/* Begin PBXNativeTarget section */
		53D2A7002950B0FE00B997CC /* Kaohsiung MRT Navi */ = {
			isa = PBXNativeTarget;
			buildConfigurationList = 53D2A7252950B10000B997CC /* Build configuration list for PBXNativeTarget "Kaohsiung MRT Navi" */;
			buildPhases = (
				53D2A6FD2950B0FE00B997CC /* Sources */,
				53D2A6FE2950B0FE00B997CC /* Frameworks */,
				53D2A6FF2950B0FE00B997CC /* Resources */,
			);
			buildRules = (
			);
			dependencies = (
			);
			name = "Kaohsiung MRT Navi";
			packageProductDependencies = (
				53506CB02956AA340069F788 /* Kingfisher */,
				53DADC35295C8F4100FEAE33 /* Geohash */,
				53DADC38295C8F7E00FEAE33 /* Polyline */,
				5377D61F29688E450021D600 /* Zoomable */,
			);
			productName = "Kaohsiung MRT Navi";
			productReference = 53D2A7012950B0FE00B997CC /* Kaohsiung MRT Navi.app */;
			productType = "com.apple.product-type.application";
		};
		53D2A7102950B10000B997CC /* Kaohsiung MRT NaviTests */ = {
			isa = PBXNativeTarget;
			buildConfigurationList = 53D2A7282950B10000B997CC /* Build configuration list for PBXNativeTarget "Kaohsiung MRT NaviTests" */;
			buildPhases = (
				53D2A70D2950B10000B997CC /* Sources */,
				53D2A70E2950B10000B997CC /* Frameworks */,
				53D2A70F2950B10000B997CC /* Resources */,
			);
			buildRules = (
			);
			dependencies = (
				53D2A7132950B10000B997CC /* PBXTargetDependency */,
			);
			name = "Kaohsiung MRT NaviTests";
			packageProductDependencies = (
				5339D2F0296C523700522F2B /* Zoomable */,
			);
			productName = "Kaohsiung MRT NaviTests";
			productReference = 53D2A7112950B10000B997CC /* Kaohsiung MRT NaviTests.xctest */;
			productType = "com.apple.product-type.bundle.unit-test";
		};
		53D2A71A2950B10000B997CC /* Kaohsiung MRT NaviUITests */ = {
			isa = PBXNativeTarget;
			buildConfigurationList = 53D2A72B2950B10000B997CC /* Build configuration list for PBXNativeTarget "Kaohsiung MRT NaviUITests" */;
			buildPhases = (
				53D2A7172950B10000B997CC /* Sources */,
				53D2A7182950B10000B997CC /* Frameworks */,
				53D2A7192950B10000B997CC /* Resources */,
			);
			buildRules = (
			);
			dependencies = (
				53D2A71D2950B10000B997CC /* PBXTargetDependency */,
			);
			name = "Kaohsiung MRT NaviUITests";
			packageProductDependencies = (
				5339D2DA296C24E600522F2B /* Zoomable */,
				5339D2E6296C4CEE00522F2B /* Kingfisher */,
				53147ED3296C53D600120505 /* Geohash */,
			);
			productName = "Kaohsiung MRT NaviUITests";
			productReference = 53D2A71B2950B10000B997CC /* Kaohsiung MRT NaviUITests.xctest */;
			productType = "com.apple.product-type.bundle.ui-testing";
		};
/* End PBXNativeTarget section */

/* Begin PBXProject section */
		53D2A6F92950B0FE00B997CC /* Project object */ = {
			isa = PBXProject;
			attributes = {
				BuildIndependentTargetsInParallel = 1;
				LastSwiftUpdateCheck = 1400;
				LastUpgradeCheck = 1420;
				TargetAttributes = {
					53D2A7002950B0FE00B997CC = {
						CreatedOnToolsVersion = 14.0.1;
					};
					53D2A7102950B10000B997CC = {
						CreatedOnToolsVersion = 14.0.1;
						TestTargetID = 53D2A7002950B0FE00B997CC;
					};
					53D2A71A2950B10000B997CC = {
						CreatedOnToolsVersion = 14.0.1;
						TestTargetID = 53D2A7002950B0FE00B997CC;
					};
				};
			};
			buildConfigurationList = 53D2A6FC2950B0FE00B997CC /* Build configuration list for PBXProject "Kaohsiung MRT Navi" */;
			compatibilityVersion = "Xcode 14.0";
			developmentRegion = en;
			hasScannedForEncodings = 0;
			knownRegions = (
				en,
				"zh-Hant",
				ja,
				ko,
				"zh-Hans",
			);
			mainGroup = 53D2A6F82950B0FE00B997CC;
			packageReferences = (
				53506CAF2956AA340069F788 /* XCRemoteSwiftPackageReference "Kingfisher" */,
				53DADC34295C8F4100FEAE33 /* XCRemoteSwiftPackageReference "Geohash" */,
				53DADC37295C8F7E00FEAE33 /* XCRemoteSwiftPackageReference "Polyline" */,
				5377D61E29688E450021D600 /* XCRemoteSwiftPackageReference "Zoomable" */,
			);
			productRefGroup = 53D2A7022950B0FE00B997CC /* Products */;
			projectDirPath = "";
			projectRoot = "";
			targets = (
				53D2A7002950B0FE00B997CC /* Kaohsiung MRT Navi */,
				53D2A7102950B10000B997CC /* Kaohsiung MRT NaviTests */,
				53D2A71A2950B10000B997CC /* Kaohsiung MRT NaviUITests */,
			);
		};
/* End PBXProject section */

/* Begin PBXResourcesBuildPhase section */
		53D2A6FF2950B0FE00B997CC /* Resources */ = {
			isa = PBXResourcesBuildPhase;
			buildActionMask = 2147483647;
			files = (
				53D2A7092950B10000B997CC /* Assets.xcassets in Resources */,
				53DADC42295D726800FEAE33 /* InfoPlist.strings in Resources */,
				53D2A73829561E6900B997CC /* kmrt.json in Resources */,
				53D2A73B29561E6900B997CC /* kmrt_station_time_fee.json in Resources */,
				53147F0A2970F61400120505 /* KNaviConfig.xcconfig in Resources */,
				53D2A74A295626B600B997CC /* Localizable.strings in Resources */,
				53D2A70C2950B10000B997CC /* Preview Assets.xcassets in Resources */,
				53506CB5295831520069F788 /* twicon.otf in Resources */,
			);
			runOnlyForDeploymentPostprocessing = 0;
		};
		53D2A70F2950B10000B997CC /* Resources */ = {
			isa = PBXResourcesBuildPhase;
			buildActionMask = 2147483647;
			files = (
				53147ED5296C809B00120505 /* Assets.xcassets in Resources */,
				53D2A73929561E6900B997CC /* kmrt.json in Resources */,
				53D2A73C29561E6900B997CC /* kmrt_station_time_fee.json in Resources */,
				53147F0B2970F61400120505 /* KNaviConfig.xcconfig in Resources */,
				53D2A74B295626B600B997CC /* Localizable.strings in Resources */,
			);
			runOnlyForDeploymentPostprocessing = 0;
		};
		53D2A7192950B10000B997CC /* Resources */ = {
			isa = PBXResourcesBuildPhase;
			buildActionMask = 2147483647;
			files = (
				53147ED6296C809B00120505 /* Assets.xcassets in Resources */,
				53D2A73A29561E6900B997CC /* kmrt.json in Resources */,
				53D2A73D29561E6900B997CC /* kmrt_station_time_fee.json in Resources */,
				53147F0C2970F61400120505 /* KNaviConfig.xcconfig in Resources */,
				53D2A74C295626B600B997CC /* Localizable.strings in Resources */,
			);
			runOnlyForDeploymentPostprocessing = 0;
		};
/* End PBXResourcesBuildPhase section */

/* Begin PBXSourcesBuildPhase section */
		53D2A6FD2950B0FE00B997CC /* Sources */ = {
			isa = PBXSourcesBuildPhase;
			buildActionMask = 2147483647;
			files = (
				53147EEC296D715700120505 /* Annotation.swift in Sources */,
				53DADC33295B5A0800FEAE33 /* APIService.swift in Sources */,
				53DADC55295D9E0700FEAE33 /* ColorExtension.swift in Sources */,
				53DADC62295EC62700FEAE33 /* ConstantService.swift in Sources */,
				53D2A7072950B0FE00B997CC /* ContentView.swift in Sources */,
				5338E41D296AE74600517C57 /* DottedLine.swift in Sources */,
				5377D613296824F30021D600 /* EnumService.swift in Sources */,
				5377D60B2967FC840021D600 /* ExitInfoView.swift in Sources */,
				5377D60F29680F420021D600 /* ExitInfoViewModel.swift in Sources */,
				5325F8DA2969EDC800CEAE82 /* HorizontalLineView.swift in Sources */,
				53D2A7052950B0FE00B997CC /* KaohsiungMRTNaviApp.swift in Sources */,
				5325F8DC2969EDDA00CEAE82 /* LineViewModel.swift in Sources */,
				53147EE0296C90CD00120505 /* LocationService.swift in Sources */,
				53147EE4296D1F9500120505 /* MapView.swift in Sources */,
				53147EE8296D667B00120505 /* MapViewModel.swift in Sources */,
				5377D6172968647D0021D600 /* NavigationLazyView.swift in Sources */,
				53147F04296EFB9900120505 /* NetworkMonitorService.swift in Sources */,
				537DC1EC296A726B006A3ACD /* Place.swift in Sources */,
				53EEB4FD296A923B00A8C066 /* PlaceAnnotationView.swift in Sources */,
				53EEB501296A926700A8C066 /* PlaceAnnotationViewModel.swift in Sources */,
				53DADC3F295D71CC00FEAE33 /* Route.swift in Sources */,
				53DADC4C295D760300FEAE33 /* RouteCell.swift in Sources */,
				53DADC4E295D762200FEAE33 /* RouteCellViewModel.swift in Sources */,
				53DADC4A295D73FA00FEAE33 /* RouteListView.swift in Sources */,
				53DADC58295DF32700FEAE33 /* RouteListViewModel.swift in Sources */,
				53147ED8296C8BE400120505 /* RouteMapView.swift in Sources */,
				53147EDC296C90C300120505 /* RouteMapViewModel.swift in Sources */,
				53DADC2F295AFC6900FEAE33 /* RouteService.swift in Sources */,
				53DADC31295AFC7300FEAE33 /* Station.swift in Sources */,
				53DADC64295ECA0A00FEAE33 /* StationCell.swift in Sources */,
				53DADC66295ECB2E00FEAE33 /* StationCellViewModel.swift in Sources */,
				531E4980296582AF002DF760 /* StationDetailView.swift in Sources */,
				53DE52A52965E75900C5C7A5 /* StationDetailViewModel.swift in Sources */,
				53DADC5A295E079400FEAE33 /* StationListView.swift in Sources */,
				53DADC5C295E07A800FEAE33 /* StationListViewModel.swift in Sources */,
				5377D622296892590021D600 /* StationMapView.swift in Sources */,
				5377D626296892710021D600 /* StationMapViewModel.swift in Sources */,
				53147EFC296EBA1800120505 /* StationTimeView.swift in Sources */,
				53147F00296EBA2A00120505 /* StationTimeViewModel.swift in Sources */,
				53DADC5E295E07FD00FEAE33 /* StringExtension.swift in Sources */,
				53D2A73F29561ED500B997CC /* TabBarView.swift in Sources */,
				5377D5F82966AC4D0021D600 /* TagView.swift in Sources */,
				5377D6072967EB310021D600 /* TagViewModel.swift in Sources */,
				53147F0F297151D100120505 /* Token.swift in Sources */,
				53147EF4296E96D000120505 /* TrainInfoView.swift in Sources */,
				53147EF8296E974800120505 /* TrainInfoViewModel.swift in Sources */,
				53147F112975BC4700120505 /* TrainTime.swift in Sources */,
				5377D6002966C9560021D600 /* Transformation.swift in Sources */,
				53147EF0296DC26C00120505 /* UIImageExtenstion.swift in Sources */,
				53B63E2129769F3700733090 /* UserDefaultsExtension.swift in Sources */,
				53B63E232977D64900733090 /* UtilityService.swift in Sources */,
				5325F8D82969EDBB00CEAE82 /* VerticalLineView.swift in Sources */,
				5377D61B296881320021D600 /* ViewExtension.swift in Sources */,
			);
			runOnlyForDeploymentPostprocessing = 0;
		};
		53D2A70D2950B10000B997CC /* Sources */ = {
			isa = PBXSourcesBuildPhase;
			buildActionMask = 2147483647;
			files = (
				53147EED296D715700120505 /* Annotation.swift in Sources */,
				5339D2DE296C252000522F2B /* APIService.swift in Sources */,
				531E499C296584E4002DF760 /* ColorExtension.swift in Sources */,
				53147F08296FA57800120505 /* ColorExtensionTest.swift in Sources */,
				531E499229658466002DF760 /* ConstantService.swift in Sources */,
				53D2A7432956245000B997CC /* ContentView.swift in Sources */,
				5338E41E296AE74600517C57 /* DottedLine.swift in Sources */,
				5377D614296824F30021D600 /* EnumService.swift in Sources */,
				5377D60C2967FC840021D600 /* ExitInfoView.swift in Sources */,
				5377D61029680F420021D600 /* ExitInfoViewModel.swift in Sources */,
				5339D2E2296C254600522F2B /* HorizontalLineView.swift in Sources */,
				5339D2DC296C250500522F2B /* LineViewModel.swift in Sources */,
				53147EE1296C90CD00120505 /* LocationService.swift in Sources */,
				53147EE5296D1F9500120505 /* MapView.swift in Sources */,
				53147EE9296D667B00120505 /* MapViewModel.swift in Sources */,
				5377D6182968647D0021D600 /* NavigationLazyView.swift in Sources */,
				53147F05296EFB9900120505 /* NetworkMonitorService.swift in Sources */,
				537DC1ED296A726B006A3ACD /* Place.swift in Sources */,
				53EEB4FE296A923B00A8C066 /* PlaceAnnotationView.swift in Sources */,
				53EEB502296A926700A8C066 /* PlaceAnnotationViewModel.swift in Sources */,
				531E498529658412002DF760 /* Route.swift in Sources */,
				531E499A296584D4002DF760 /* RouteCell.swift in Sources */,
				531E49902965845E002DF760 /* RouteCellViewModel.swift in Sources */,
				531E498B2965843A002DF760 /* RouteListView.swift in Sources */,
				531E498929658433002DF760 /* RouteListViewModel.swift in Sources */,
				531E49822965835C002DF760 /* RouteListViewModelTests.swift in Sources */,
				53147ED9296C8BE400120505 /* RouteMapView.swift in Sources */,
				53147EDD296C90C300120505 /* RouteMapViewModel.swift in Sources */,
				531E498E29658457002DF760 /* RouteService.swift in Sources */,
				531E498729658427002DF760 /* Station.swift in Sources */,
				531E4996296584AD002DF760 /* StationCell.swift in Sources */,
				531E4998296584C7002DF760 /* StationCellViewModel.swift in Sources */,
				5377D5F52966A6870021D600 /* StationDetailView.swift in Sources */,
				5377D6032966D2F10021D600 /* StationDetailViewModel.swift in Sources */,
				5339D2EE296C4F0C00522F2B /* StationDetailViewModelTest.swift in Sources */,
				531E499E296584F2002DF760 /* StationListView.swift in Sources */,
				531E4994296584A5002DF760 /* StationListViewModel.swift in Sources */,
				531E49A0296589D7002DF760 /* StationListViewModelTests.swift in Sources */,
				5377D623296892590021D600 /* StationMapView.swift in Sources */,
				5377D627296892710021D600 /* StationMapViewModel.swift in Sources */,
				5339D2D7296C1D3D00522F2B /* StationMapViewModelTest.swift in Sources */,
				53DADC3D295D6FB400FEAE33 /* StationServiceTests.swift in Sources */,
				53147EFD296EBA1800120505 /* StationTimeView.swift in Sources */,
				53147F01296EBA2A00120505 /* StationTimeViewModel.swift in Sources */,
				531E498C2965844D002DF760 /* StringExtension.swift in Sources */,
				53D2A74029561ED500B997CC /* TabBarView.swift in Sources */,
				5377D5F92966AC4D0021D600 /* TagView.swift in Sources */,
				5377D6082967EB310021D600 /* TagViewModel.swift in Sources */,
				53147EF5296E96D000120505 /* TrainInfoView.swift in Sources */,
				53147EF9296E974800120505 /* TrainInfoViewModel.swift in Sources */,
				53147F122975BC4700120505 /* TrainTime.swift in Sources */,
				5377D6012966C9560021D600 /* Transformation.swift in Sources */,
				53147EF1296DC26C00120505 /* UIImageExtenstion.swift in Sources */,
				5339D2E0296C253E00522F2B /* VerticalLineView.swift in Sources */,
				5377D61C296881320021D600 /* ViewExtension.swift in Sources */,
			);
			runOnlyForDeploymentPostprocessing = 0;
		};
		53D2A7172950B10000B997CC /* Sources */ = {
			isa = PBXSourcesBuildPhase;
			buildActionMask = 2147483647;
			files = (
				53147EEE296D715700120505 /* Annotation.swift in Sources */,
				5339D2DF296C252100522F2B /* APIService.swift in Sources */,
				531E499D296584E5002DF760 /* ColorExtension.swift in Sources */,
				531E499329658467002DF760 /* ConstantService.swift in Sources */,
				53D2A7442956245000B997CC /* ContentView.swift in Sources */,
				5338E41F296AE74600517C57 /* DottedLine.swift in Sources */,
				5377D615296824F30021D600 /* EnumService.swift in Sources */,
				5377D60D2967FC840021D600 /* ExitInfoView.swift in Sources */,
				5377D61129680F420021D600 /* ExitInfoViewModel.swift in Sources */,
				5339D2E3296C254700522F2B /* HorizontalLineView.swift in Sources */,
				53D2A7202950B10000B997CC /* Kaohsiung_MRT_NaviUITests.swift in Sources */,
				53D2A7222950B10000B997CC /* Kaohsiung_MRT_NaviUITestsLaunchTests.swift in Sources */,
				5339D2DD296C250600522F2B /* LineViewModel.swift in Sources */,
				53147EE2296C90CD00120505 /* LocationService.swift in Sources */,
				53147EE6296D1F9500120505 /* MapView.swift in Sources */,
				53147EEA296D667B00120505 /* MapViewModel.swift in Sources */,
				5377D6192968647D0021D600 /* NavigationLazyView.swift in Sources */,
				53147F06296EFB9900120505 /* NetworkMonitorService.swift in Sources */,
				537DC1EE296A726B006A3ACD /* Place.swift in Sources */,
				53EEB4FF296A923B00A8C066 /* PlaceAnnotationView.swift in Sources */,
				53EEB503296A926700A8C066 /* PlaceAnnotationViewModel.swift in Sources */,
				531E498629658413002DF760 /* Route.swift in Sources */,
				531E499B296584D5002DF760 /* RouteCell.swift in Sources */,
				531E49912965845F002DF760 /* RouteCellViewModel.swift in Sources */,
				531E4983296583FD002DF760 /* RouteListView.swift in Sources */,
				531E498A29658433002DF760 /* RouteListViewModel.swift in Sources */,
				53147EDA296C8BE400120505 /* RouteMapView.swift in Sources */,
				53147EDE296C90C300120505 /* RouteMapViewModel.swift in Sources */,
				531E498F29658457002DF760 /* RouteService.swift in Sources */,
				531E498829658427002DF760 /* Station.swift in Sources */,
				531E4997296584AD002DF760 /* StationCell.swift in Sources */,
				531E4999296584C8002DF760 /* StationCellViewModel.swift in Sources */,
				5377D5F62966A6880021D600 /* StationDetailView.swift in Sources */,
				5377D6042966D2F20021D600 /* StationDetailViewModel.swift in Sources */,
				531E498429658403002DF760 /* StationListView.swift in Sources */,
				531E4995296584A6002DF760 /* StationListViewModel.swift in Sources */,
				5377D624296892590021D600 /* StationMapView.swift in Sources */,
				5377D628296892710021D600 /* StationMapViewModel.swift in Sources */,
				53147EFE296EBA1800120505 /* StationTimeView.swift in Sources */,
				53147F02296EBA2A00120505 /* StationTimeViewModel.swift in Sources */,
				531E498D2965844E002DF760 /* StringExtension.swift in Sources */,
				53D2A74129561ED500B997CC /* TabBarView.swift in Sources */,
				5377D5FA2966AC4D0021D600 /* TagView.swift in Sources */,
				5377D6092967EB310021D600 /* TagViewModel.swift in Sources */,
				53147EF6296E96D000120505 /* TrainInfoView.swift in Sources */,
				53147EFA296E974800120505 /* TrainInfoViewModel.swift in Sources */,
				53147F132975BC4700120505 /* TrainTime.swift in Sources */,
				5377D6022966C9560021D600 /* Transformation.swift in Sources */,
				53147EF2296DC26C00120505 /* UIImageExtenstion.swift in Sources */,
				5339D2E1296C253F00522F2B /* VerticalLineView.swift in Sources */,
				5377D61D296881320021D600 /* ViewExtension.swift in Sources */,
			);
			runOnlyForDeploymentPostprocessing = 0;
		};
/* End PBXSourcesBuildPhase section */

/* Begin PBXTargetDependency section */
		53D2A7132950B10000B997CC /* PBXTargetDependency */ = {
			isa = PBXTargetDependency;
			target = 53D2A7002950B0FE00B997CC /* Kaohsiung MRT Navi */;
			targetProxy = 53D2A7122950B10000B997CC /* PBXContainerItemProxy */;
		};
		53D2A71D2950B10000B997CC /* PBXTargetDependency */ = {
			isa = PBXTargetDependency;
			target = 53D2A7002950B0FE00B997CC /* Kaohsiung MRT Navi */;
			targetProxy = 53D2A71C2950B10000B997CC /* PBXContainerItemProxy */;
		};
/* End PBXTargetDependency section */

/* Begin PBXVariantGroup section */
		53D2A74E295626B600B997CC /* Localizable.strings */ = {
			isa = PBXVariantGroup;
			children = (
				53D2A74D295626B600B997CC /* en */,
				53D2A750295626BB00B997CC /* ja */,
				53D2A751295626BC00B997CC /* ko */,
				53DADC2D295AEFBA00FEAE33 /* zh-Hans */,
				53D2A74F295626BA00B997CC /* zh-Hant */,
			);
			name = Localizable.strings;
			sourceTree = "<group>";
		};
		53DADC44295D726800FEAE33 /* InfoPlist.strings */ = {
			isa = PBXVariantGroup;
			children = (
				53DADC46295D726C00FEAE33 /* en */,
				53DADC47295D726D00FEAE33 /* ja */,
				53DADC48295D726E00FEAE33 /* ko */,
				53DADC45295D726B00FEAE33 /* zh-Hans */,
				53DADC43295D726800FEAE33 /* zh-Hant */,
			);
			name = InfoPlist.strings;
			sourceTree = "<group>";
		};
/* End PBXVariantGroup section */

/* Begin XCBuildConfiguration section */
		53D2A7232950B10000B997CC /* Debug */ = {
			isa = XCBuildConfiguration;
			baseConfigurationReference = 53147F092970F61400120505 /* KNaviConfig.xcconfig */;
			buildSettings = {
				ALWAYS_SEARCH_USER_PATHS = NO;
				CLANG_ANALYZER_LOCALIZABILITY_NONLOCALIZED = YES;
				CLANG_ANALYZER_NONNULL = YES;
				CLANG_ANALYZER_NUMBER_OBJECT_CONVERSION = YES_AGGRESSIVE;
				CLANG_CXX_LANGUAGE_STANDARD = "gnu++20";
				CLANG_ENABLE_MODULES = YES;
				CLANG_ENABLE_OBJC_ARC = YES;
				CLANG_ENABLE_OBJC_WEAK = YES;
				CLANG_WARN_BLOCK_CAPTURE_AUTORELEASING = YES;
				CLANG_WARN_BOOL_CONVERSION = YES;
				CLANG_WARN_COMMA = YES;
				CLANG_WARN_CONSTANT_CONVERSION = YES;
				CLANG_WARN_DEPRECATED_OBJC_IMPLEMENTATIONS = YES;
				CLANG_WARN_DIRECT_OBJC_ISA_USAGE = YES_ERROR;
				CLANG_WARN_DOCUMENTATION_COMMENTS = YES;
				CLANG_WARN_EMPTY_BODY = YES;
				CLANG_WARN_ENUM_CONVERSION = YES;
				CLANG_WARN_INFINITE_RECURSION = YES;
				CLANG_WARN_INT_CONVERSION = YES;
				CLANG_WARN_NON_LITERAL_NULL_CONVERSION = YES;
				CLANG_WARN_OBJC_IMPLICIT_RETAIN_SELF = YES;
				CLANG_WARN_OBJC_LITERAL_CONVERSION = YES;
				CLANG_WARN_OBJC_ROOT_CLASS = YES_ERROR;
				CLANG_WARN_QUOTED_INCLUDE_IN_FRAMEWORK_HEADER = YES;
				CLANG_WARN_RANGE_LOOP_ANALYSIS = YES;
				CLANG_WARN_STRICT_PROTOTYPES = YES;
				CLANG_WARN_SUSPICIOUS_MOVE = YES;
				CLANG_WARN_UNGUARDED_AVAILABILITY = YES_AGGRESSIVE;
				CLANG_WARN_UNREACHABLE_CODE = YES;
				CLANG_WARN__DUPLICATE_METHOD_MATCH = YES;
				COPY_PHASE_STRIP = NO;
				DEBUG_INFORMATION_FORMAT = dwarf;
				ENABLE_STRICT_OBJC_MSGSEND = YES;
				ENABLE_TESTABILITY = YES;
				GCC_C_LANGUAGE_STANDARD = gnu11;
				GCC_DYNAMIC_NO_PIC = NO;
				GCC_NO_COMMON_BLOCKS = YES;
				GCC_OPTIMIZATION_LEVEL = 0;
				GCC_PREPROCESSOR_DEFINITIONS = (
					"DEBUG=1",
					"$(inherited)",
				);
				GCC_WARN_64_TO_32_BIT_CONVERSION = YES;
				GCC_WARN_ABOUT_RETURN_TYPE = YES_ERROR;
				GCC_WARN_UNDECLARED_SELECTOR = YES;
				GCC_WARN_UNINITIALIZED_AUTOS = YES_AGGRESSIVE;
				GCC_WARN_UNUSED_FUNCTION = YES;
				GCC_WARN_UNUSED_VARIABLE = YES;
				IPHONEOS_DEPLOYMENT_TARGET = 16.0;
				MTL_ENABLE_DEBUG_INFO = INCLUDE_SOURCE;
				MTL_FAST_MATH = YES;
				ONLY_ACTIVE_ARCH = YES;
				SDKROOT = iphoneos;
				SWIFT_ACTIVE_COMPILATION_CONDITIONS = DEBUG;
				SWIFT_OPTIMIZATION_LEVEL = "-Onone";
			};
			name = Debug;
		};
		53D2A7242950B10000B997CC /* Release */ = {
			isa = XCBuildConfiguration;
			baseConfigurationReference = 53147F092970F61400120505 /* KNaviConfig.xcconfig */;
			buildSettings = {
				ALWAYS_SEARCH_USER_PATHS = NO;
				CLANG_ANALYZER_LOCALIZABILITY_NONLOCALIZED = YES;
				CLANG_ANALYZER_NONNULL = YES;
				CLANG_ANALYZER_NUMBER_OBJECT_CONVERSION = YES_AGGRESSIVE;
				CLANG_CXX_LANGUAGE_STANDARD = "gnu++20";
				CLANG_ENABLE_MODULES = YES;
				CLANG_ENABLE_OBJC_ARC = YES;
				CLANG_ENABLE_OBJC_WEAK = YES;
				CLANG_WARN_BLOCK_CAPTURE_AUTORELEASING = YES;
				CLANG_WARN_BOOL_CONVERSION = YES;
				CLANG_WARN_COMMA = YES;
				CLANG_WARN_CONSTANT_CONVERSION = YES;
				CLANG_WARN_DEPRECATED_OBJC_IMPLEMENTATIONS = YES;
				CLANG_WARN_DIRECT_OBJC_ISA_USAGE = YES_ERROR;
				CLANG_WARN_DOCUMENTATION_COMMENTS = YES;
				CLANG_WARN_EMPTY_BODY = YES;
				CLANG_WARN_ENUM_CONVERSION = YES;
				CLANG_WARN_INFINITE_RECURSION = YES;
				CLANG_WARN_INT_CONVERSION = YES;
				CLANG_WARN_NON_LITERAL_NULL_CONVERSION = YES;
				CLANG_WARN_OBJC_IMPLICIT_RETAIN_SELF = YES;
				CLANG_WARN_OBJC_LITERAL_CONVERSION = YES;
				CLANG_WARN_OBJC_ROOT_CLASS = YES_ERROR;
				CLANG_WARN_QUOTED_INCLUDE_IN_FRAMEWORK_HEADER = YES;
				CLANG_WARN_RANGE_LOOP_ANALYSIS = YES;
				CLANG_WARN_STRICT_PROTOTYPES = YES;
				CLANG_WARN_SUSPICIOUS_MOVE = YES;
				CLANG_WARN_UNGUARDED_AVAILABILITY = YES_AGGRESSIVE;
				CLANG_WARN_UNREACHABLE_CODE = YES;
				CLANG_WARN__DUPLICATE_METHOD_MATCH = YES;
				COPY_PHASE_STRIP = NO;
				DEBUG_INFORMATION_FORMAT = "dwarf-with-dsym";
				ENABLE_NS_ASSERTIONS = NO;
				ENABLE_STRICT_OBJC_MSGSEND = YES;
				GCC_C_LANGUAGE_STANDARD = gnu11;
				GCC_NO_COMMON_BLOCKS = YES;
				GCC_WARN_64_TO_32_BIT_CONVERSION = YES;
				GCC_WARN_ABOUT_RETURN_TYPE = YES_ERROR;
				GCC_WARN_UNDECLARED_SELECTOR = YES;
				GCC_WARN_UNINITIALIZED_AUTOS = YES_AGGRESSIVE;
				GCC_WARN_UNUSED_FUNCTION = YES;
				GCC_WARN_UNUSED_VARIABLE = YES;
				IPHONEOS_DEPLOYMENT_TARGET = 16.0;
				MTL_ENABLE_DEBUG_INFO = NO;
				MTL_FAST_MATH = YES;
				SDKROOT = iphoneos;
				SWIFT_COMPILATION_MODE = wholemodule;
				SWIFT_OPTIMIZATION_LEVEL = "-O";
				VALIDATE_PRODUCT = YES;
			};
			name = Release;
		};
		53D2A7262950B10000B997CC /* Debug */ = {
			isa = XCBuildConfiguration;
			buildSettings = {
				ASSETCATALOG_COMPILER_APPICON_NAME = AppIcon;
				ASSETCATALOG_COMPILER_GLOBAL_ACCENT_COLOR_NAME = AccentColor;
				CODE_SIGN_ENTITLEMENTS = "Kaohsiung MRT Navi/Kaohsiung MRT Navi.entitlements";
				CODE_SIGN_STYLE = Automatic;
				CURRENT_PROJECT_VERSION = 1;
				DEVELOPMENT_ASSET_PATHS = "\"Kaohsiung MRT Navi/Preview Content\"";
				DEVELOPMENT_TEAM = 8MREJM6257;
				ENABLE_PREVIEWS = YES;
				GENERATE_INFOPLIST_FILE = YES;
				INFOPLIST_FILE = "Kaohsiung MRT Navi/Info.plist";
				INFOPLIST_KEY_NSLocationAlwaysAndWhenInUseUsageDescription = "Kaohsiung MRT Navi will use your current location";
				INFOPLIST_KEY_NSLocationAlwaysUsageDescription = "Kaohsiung MRT Navi will use your current location";
				INFOPLIST_KEY_UIApplicationSupportsIndirectInputEvents = YES;
				INFOPLIST_KEY_UILaunchScreen_Generation = YES;
				INFOPLIST_KEY_UIRequiresFullScreen = YES;
				INFOPLIST_KEY_UIStatusBarStyle = UIStatusBarStyleLightContent;
				INFOPLIST_KEY_UISupportedInterfaceOrientations = "UIInterfaceOrientationPortrait UIInterfaceOrientationPortraitUpsideDown";
				LD_RUNPATH_SEARCH_PATHS = (
					"$(inherited)",
					"@executable_path/Frameworks",
				);
				MARKETING_VERSION = 1.0;
				OTHER_SWIFT_FLAGS = "";
				PRODUCT_BUNDLE_IDENTIFIER = "sparkr.Kaohsiung-MRT-Navi";
				PRODUCT_NAME = "$(TARGET_NAME)";
				SUPPORTED_PLATFORMS = "iphoneos iphonesimulator";
				SUPPORTS_MACCATALYST = NO;
				SUPPORTS_MAC_DESIGNED_FOR_IPHONE_IPAD = YES;
				SWIFT_EMIT_LOC_STRINGS = YES;
				SWIFT_VERSION = 5.0;
				TARGETED_DEVICE_FAMILY = "1,2";
			};
			name = Debug;
		};
		53D2A7272950B10000B997CC /* Release */ = {
			isa = XCBuildConfiguration;
			buildSettings = {
				ASSETCATALOG_COMPILER_APPICON_NAME = AppIcon;
				ASSETCATALOG_COMPILER_GLOBAL_ACCENT_COLOR_NAME = AccentColor;
				CODE_SIGN_ENTITLEMENTS = "Kaohsiung MRT Navi/Kaohsiung MRT Navi.entitlements";
				CODE_SIGN_STYLE = Automatic;
				CURRENT_PROJECT_VERSION = 1;
				DEVELOPMENT_ASSET_PATHS = "\"Kaohsiung MRT Navi/Preview Content\"";
				DEVELOPMENT_TEAM = 8MREJM6257;
				ENABLE_PREVIEWS = YES;
				GENERATE_INFOPLIST_FILE = YES;
				INFOPLIST_FILE = "Kaohsiung MRT Navi/Info.plist";
				INFOPLIST_KEY_NSLocationAlwaysAndWhenInUseUsageDescription = "Kaohsiung MRT Navi will use your current location";
				INFOPLIST_KEY_NSLocationAlwaysUsageDescription = "Kaohsiung MRT Navi will use your current location";
				INFOPLIST_KEY_UIApplicationSupportsIndirectInputEvents = YES;
				INFOPLIST_KEY_UILaunchScreen_Generation = YES;
				INFOPLIST_KEY_UIRequiresFullScreen = YES;
				INFOPLIST_KEY_UIStatusBarStyle = UIStatusBarStyleLightContent;
				INFOPLIST_KEY_UISupportedInterfaceOrientations = "UIInterfaceOrientationPortrait UIInterfaceOrientationPortraitUpsideDown";
				LD_RUNPATH_SEARCH_PATHS = (
					"$(inherited)",
					"@executable_path/Frameworks",
				);
				MARKETING_VERSION = 1.0;
				OTHER_SWIFT_FLAGS = "";
				PRODUCT_BUNDLE_IDENTIFIER = "sparkr.Kaohsiung-MRT-Navi";
				PRODUCT_NAME = "$(TARGET_NAME)";
				SUPPORTED_PLATFORMS = "iphoneos iphonesimulator";
				SUPPORTS_MACCATALYST = NO;
				SUPPORTS_MAC_DESIGNED_FOR_IPHONE_IPAD = YES;
				SWIFT_EMIT_LOC_STRINGS = YES;
				SWIFT_VERSION = 5.0;
				TARGETED_DEVICE_FAMILY = "1,2";
			};
			name = Release;
		};
		53D2A7292950B10000B997CC /* Debug */ = {
			isa = XCBuildConfiguration;
			buildSettings = {
				ALWAYS_EMBED_SWIFT_STANDARD_LIBRARIES = YES;
				BUNDLE_LOADER = "$(TEST_HOST)";
				CODE_SIGN_STYLE = Automatic;
				CURRENT_PROJECT_VERSION = 1;
				DEVELOPMENT_TEAM = 8MREJM6257;
				GENERATE_INFOPLIST_FILE = YES;
				IPHONEOS_DEPLOYMENT_TARGET = 16.0;
				MARKETING_VERSION = 1.0;
				PRODUCT_BUNDLE_IDENTIFIER = "sparkr.Kaohsiung-MRT-NaviTests";
				PRODUCT_NAME = "$(TARGET_NAME)";
				SWIFT_EMIT_LOC_STRINGS = NO;
				SWIFT_VERSION = 5.0;
				TARGETED_DEVICE_FAMILY = "1,2";
				TEST_HOST = "$(BUILT_PRODUCTS_DIR)/Kaohsiung MRT Navi.app/$(BUNDLE_EXECUTABLE_FOLDER_PATH)/Kaohsiung MRT Navi";
			};
			name = Debug;
		};
		53D2A72A2950B10000B997CC /* Release */ = {
			isa = XCBuildConfiguration;
			buildSettings = {
				ALWAYS_EMBED_SWIFT_STANDARD_LIBRARIES = YES;
				BUNDLE_LOADER = "$(TEST_HOST)";
				CODE_SIGN_STYLE = Automatic;
				CURRENT_PROJECT_VERSION = 1;
				DEVELOPMENT_TEAM = 8MREJM6257;
				GENERATE_INFOPLIST_FILE = YES;
				IPHONEOS_DEPLOYMENT_TARGET = 16.0;
				MARKETING_VERSION = 1.0;
				PRODUCT_BUNDLE_IDENTIFIER = "sparkr.Kaohsiung-MRT-NaviTests";
				PRODUCT_NAME = "$(TARGET_NAME)";
				SWIFT_EMIT_LOC_STRINGS = NO;
				SWIFT_VERSION = 5.0;
				TARGETED_DEVICE_FAMILY = "1,2";
				TEST_HOST = "$(BUILT_PRODUCTS_DIR)/Kaohsiung MRT Navi.app/$(BUNDLE_EXECUTABLE_FOLDER_PATH)/Kaohsiung MRT Navi";
			};
			name = Release;
		};
		53D2A72C2950B10000B997CC /* Debug */ = {
			isa = XCBuildConfiguration;
			buildSettings = {
				ALWAYS_EMBED_SWIFT_STANDARD_LIBRARIES = YES;
				CODE_SIGN_STYLE = Automatic;
				CURRENT_PROJECT_VERSION = 1;
				DEVELOPMENT_TEAM = 8MREJM6257;
				GENERATE_INFOPLIST_FILE = YES;
				MARKETING_VERSION = 1.0;
				PRODUCT_BUNDLE_IDENTIFIER = "sparkr.Kaohsiung-MRT-NaviUITests";
				PRODUCT_NAME = "$(TARGET_NAME)";
				SWIFT_EMIT_LOC_STRINGS = NO;
				SWIFT_VERSION = 5.0;
				TARGETED_DEVICE_FAMILY = "1,2";
				TEST_TARGET_NAME = "Kaohsiung MRT Navi";
			};
			name = Debug;
		};
		53D2A72D2950B10000B997CC /* Release */ = {
			isa = XCBuildConfiguration;
			buildSettings = {
				ALWAYS_EMBED_SWIFT_STANDARD_LIBRARIES = YES;
				CODE_SIGN_STYLE = Automatic;
				CURRENT_PROJECT_VERSION = 1;
				DEVELOPMENT_TEAM = 8MREJM6257;
				GENERATE_INFOPLIST_FILE = YES;
				MARKETING_VERSION = 1.0;
				PRODUCT_BUNDLE_IDENTIFIER = "sparkr.Kaohsiung-MRT-NaviUITests";
				PRODUCT_NAME = "$(TARGET_NAME)";
				SWIFT_EMIT_LOC_STRINGS = NO;
				SWIFT_VERSION = 5.0;
				TARGETED_DEVICE_FAMILY = "1,2";
				TEST_TARGET_NAME = "Kaohsiung MRT Navi";
			};
			name = Release;
		};
		53DE52A62965EBC500C5C7A5 /* Test */ = {
			isa = XCBuildConfiguration;
			baseConfigurationReference = 53147F092970F61400120505 /* KNaviConfig.xcconfig */;
			buildSettings = {
				ALWAYS_SEARCH_USER_PATHS = NO;
				CLANG_ANALYZER_LOCALIZABILITY_NONLOCALIZED = YES;
				CLANG_ANALYZER_NONNULL = YES;
				CLANG_ANALYZER_NUMBER_OBJECT_CONVERSION = YES_AGGRESSIVE;
				CLANG_CXX_LANGUAGE_STANDARD = "gnu++20";
				CLANG_ENABLE_MODULES = YES;
				CLANG_ENABLE_OBJC_ARC = YES;
				CLANG_ENABLE_OBJC_WEAK = YES;
				CLANG_WARN_BLOCK_CAPTURE_AUTORELEASING = YES;
				CLANG_WARN_BOOL_CONVERSION = YES;
				CLANG_WARN_COMMA = YES;
				CLANG_WARN_CONSTANT_CONVERSION = YES;
				CLANG_WARN_DEPRECATED_OBJC_IMPLEMENTATIONS = YES;
				CLANG_WARN_DIRECT_OBJC_ISA_USAGE = YES_ERROR;
				CLANG_WARN_DOCUMENTATION_COMMENTS = YES;
				CLANG_WARN_EMPTY_BODY = YES;
				CLANG_WARN_ENUM_CONVERSION = YES;
				CLANG_WARN_INFINITE_RECURSION = YES;
				CLANG_WARN_INT_CONVERSION = YES;
				CLANG_WARN_NON_LITERAL_NULL_CONVERSION = YES;
				CLANG_WARN_OBJC_IMPLICIT_RETAIN_SELF = YES;
				CLANG_WARN_OBJC_LITERAL_CONVERSION = YES;
				CLANG_WARN_OBJC_ROOT_CLASS = YES_ERROR;
				CLANG_WARN_QUOTED_INCLUDE_IN_FRAMEWORK_HEADER = YES;
				CLANG_WARN_RANGE_LOOP_ANALYSIS = YES;
				CLANG_WARN_STRICT_PROTOTYPES = YES;
				CLANG_WARN_SUSPICIOUS_MOVE = YES;
				CLANG_WARN_UNGUARDED_AVAILABILITY = YES_AGGRESSIVE;
				CLANG_WARN_UNREACHABLE_CODE = YES;
				CLANG_WARN__DUPLICATE_METHOD_MATCH = YES;
				COPY_PHASE_STRIP = NO;
				DEBUG_INFORMATION_FORMAT = dwarf;
				ENABLE_STRICT_OBJC_MSGSEND = YES;
				ENABLE_TESTABILITY = YES;
				GCC_C_LANGUAGE_STANDARD = gnu11;
				GCC_DYNAMIC_NO_PIC = NO;
				GCC_NO_COMMON_BLOCKS = YES;
				GCC_OPTIMIZATION_LEVEL = 0;
				GCC_PREPROCESSOR_DEFINITIONS = (
					"DEBUG=1",
					"$(inherited)",
				);
				GCC_WARN_64_TO_32_BIT_CONVERSION = YES;
				GCC_WARN_ABOUT_RETURN_TYPE = YES_ERROR;
				GCC_WARN_UNDECLARED_SELECTOR = YES;
				GCC_WARN_UNINITIALIZED_AUTOS = YES_AGGRESSIVE;
				GCC_WARN_UNUSED_FUNCTION = YES;
				GCC_WARN_UNUSED_VARIABLE = YES;
				IPHONEOS_DEPLOYMENT_TARGET = 16.0;
				MTL_ENABLE_DEBUG_INFO = INCLUDE_SOURCE;
				MTL_FAST_MATH = YES;
				ONLY_ACTIVE_ARCH = YES;
				SDKROOT = iphoneos;
				SWIFT_ACTIVE_COMPILATION_CONDITIONS = TESTING;
				SWIFT_OPTIMIZATION_LEVEL = "-Onone";
			};
			name = Test;
		};
		53DE52A72965EBC500C5C7A5 /* Test */ = {
			isa = XCBuildConfiguration;
			buildSettings = {
				ASSETCATALOG_COMPILER_APPICON_NAME = AppIcon;
				ASSETCATALOG_COMPILER_GLOBAL_ACCENT_COLOR_NAME = AccentColor;
				CODE_SIGN_ENTITLEMENTS = "Kaohsiung MRT Navi/Kaohsiung MRT Navi.entitlements";
				CODE_SIGN_STYLE = Automatic;
				CURRENT_PROJECT_VERSION = 1;
				DEVELOPMENT_ASSET_PATHS = "\"Kaohsiung MRT Navi/Preview Content\"";
				DEVELOPMENT_TEAM = 8MREJM6257;
				ENABLE_PREVIEWS = YES;
				GENERATE_INFOPLIST_FILE = YES;
				INFOPLIST_FILE = "Kaohsiung MRT Navi/Info.plist";
				INFOPLIST_KEY_NSLocationAlwaysAndWhenInUseUsageDescription = "Kaohsiung MRT Navi will use your current location";
				INFOPLIST_KEY_NSLocationAlwaysUsageDescription = "Kaohsiung MRT Navi will use your current location";
				INFOPLIST_KEY_UIApplicationSupportsIndirectInputEvents = YES;
				INFOPLIST_KEY_UILaunchScreen_Generation = YES;
				INFOPLIST_KEY_UIRequiresFullScreen = YES;
				INFOPLIST_KEY_UIStatusBarStyle = UIStatusBarStyleLightContent;
				INFOPLIST_KEY_UISupportedInterfaceOrientations = "UIInterfaceOrientationPortrait UIInterfaceOrientationPortraitUpsideDown";
				LD_RUNPATH_SEARCH_PATHS = (
					"$(inherited)",
					"@executable_path/Frameworks",
				);
				MARKETING_VERSION = 1.0;
				OTHER_SWIFT_FLAGS = "";
				PRODUCT_BUNDLE_IDENTIFIER = "sparkr.Kaohsiung-MRT-Navi";
				PRODUCT_NAME = "$(TARGET_NAME)";
				SUPPORTED_PLATFORMS = "iphoneos iphonesimulator";
				SUPPORTS_MACCATALYST = NO;
				SUPPORTS_MAC_DESIGNED_FOR_IPHONE_IPAD = YES;
				SWIFT_EMIT_LOC_STRINGS = YES;
				SWIFT_VERSION = 5.0;
				TARGETED_DEVICE_FAMILY = "1,2";
			};
			name = Test;
		};
		53DE52A82965EBC500C5C7A5 /* Test */ = {
			isa = XCBuildConfiguration;
			buildSettings = {
				ALWAYS_EMBED_SWIFT_STANDARD_LIBRARIES = YES;
				BUNDLE_LOADER = "$(TEST_HOST)";
				CODE_SIGN_STYLE = Automatic;
				CURRENT_PROJECT_VERSION = 1;
				DEVELOPMENT_TEAM = 8MREJM6257;
				GENERATE_INFOPLIST_FILE = YES;
				IPHONEOS_DEPLOYMENT_TARGET = 16.0;
				MARKETING_VERSION = 1.0;
				PRODUCT_BUNDLE_IDENTIFIER = "sparkr.Kaohsiung-MRT-NaviTests";
				PRODUCT_NAME = "$(TARGET_NAME)";
				SWIFT_EMIT_LOC_STRINGS = NO;
				SWIFT_VERSION = 5.0;
				TARGETED_DEVICE_FAMILY = "1,2";
				TEST_HOST = "$(BUILT_PRODUCTS_DIR)/Kaohsiung MRT Navi.app/$(BUNDLE_EXECUTABLE_FOLDER_PATH)/Kaohsiung MRT Navi";
			};
			name = Test;
		};
		53DE52A92965EBC500C5C7A5 /* Test */ = {
			isa = XCBuildConfiguration;
			buildSettings = {
				ALWAYS_EMBED_SWIFT_STANDARD_LIBRARIES = YES;
				CODE_SIGN_STYLE = Automatic;
				CURRENT_PROJECT_VERSION = 1;
				DEVELOPMENT_TEAM = 8MREJM6257;
				GENERATE_INFOPLIST_FILE = YES;
				MARKETING_VERSION = 1.0;
				OTHER_SWIFT_FLAGS = "";
				PRODUCT_BUNDLE_IDENTIFIER = "sparkr.Kaohsiung-MRT-NaviUITests";
				PRODUCT_NAME = "$(TARGET_NAME)";
				SWIFT_EMIT_LOC_STRINGS = NO;
				SWIFT_VERSION = 5.0;
				TARGETED_DEVICE_FAMILY = "1,2";
				TEST_TARGET_NAME = "Kaohsiung MRT Navi";
			};
			name = Test;
		};
/* End XCBuildConfiguration section */

/* Begin XCConfigurationList section */
		53D2A6FC2950B0FE00B997CC /* Build configuration list for PBXProject "Kaohsiung MRT Navi" */ = {
			isa = XCConfigurationList;
			buildConfigurations = (
				53D2A7232950B10000B997CC /* Debug */,
				53DE52A62965EBC500C5C7A5 /* Test */,
				53D2A7242950B10000B997CC /* Release */,
			);
			defaultConfigurationIsVisible = 0;
			defaultConfigurationName = Release;
		};
		53D2A7252950B10000B997CC /* Build configuration list for PBXNativeTarget "Kaohsiung MRT Navi" */ = {
			isa = XCConfigurationList;
			buildConfigurations = (
				53D2A7262950B10000B997CC /* Debug */,
				53DE52A72965EBC500C5C7A5 /* Test */,
				53D2A7272950B10000B997CC /* Release */,
			);
			defaultConfigurationIsVisible = 0;
			defaultConfigurationName = Release;
		};
		53D2A7282950B10000B997CC /* Build configuration list for PBXNativeTarget "Kaohsiung MRT NaviTests" */ = {
			isa = XCConfigurationList;
			buildConfigurations = (
				53D2A7292950B10000B997CC /* Debug */,
				53DE52A82965EBC500C5C7A5 /* Test */,
				53D2A72A2950B10000B997CC /* Release */,
			);
			defaultConfigurationIsVisible = 0;
			defaultConfigurationName = Release;
		};
		53D2A72B2950B10000B997CC /* Build configuration list for PBXNativeTarget "Kaohsiung MRT NaviUITests" */ = {
			isa = XCConfigurationList;
			buildConfigurations = (
				53D2A72C2950B10000B997CC /* Debug */,
				53DE52A92965EBC500C5C7A5 /* Test */,
				53D2A72D2950B10000B997CC /* Release */,
			);
			defaultConfigurationIsVisible = 0;
			defaultConfigurationName = Release;
		};
/* End XCConfigurationList section */

/* Begin XCRemoteSwiftPackageReference section */
		53506CAF2956AA340069F788 /* XCRemoteSwiftPackageReference "Kingfisher" */ = {
			isa = XCRemoteSwiftPackageReference;
			repositoryURL = "https://github.com/onevcat/Kingfisher.git";
			requirement = {
				kind = upToNextMajorVersion;
				minimumVersion = 7.0.0;
			};
		};
		5377D61E29688E450021D600 /* XCRemoteSwiftPackageReference "Zoomable" */ = {
			isa = XCRemoteSwiftPackageReference;
			repositoryURL = "https://github.com/jasudev/Zoomable.git";
			requirement = {
				branch = main;
				kind = branch;
			};
		};
		53DADC34295C8F4100FEAE33 /* XCRemoteSwiftPackageReference "Geohash" */ = {
			isa = XCRemoteSwiftPackageReference;
			repositoryURL = "https://github.com/nh7a/Geohash";
			requirement = {
				kind = upToNextMajorVersion;
				minimumVersion = 1.0.0;
			};
		};
		53DADC37295C8F7E00FEAE33 /* XCRemoteSwiftPackageReference "Polyline" */ = {
			isa = XCRemoteSwiftPackageReference;
			repositoryURL = "https://github.com/raphaelmor/Polyline.git";
			requirement = {
				kind = upToNextMajorVersion;
				minimumVersion = 5.1.0;
			};
		};
/* End XCRemoteSwiftPackageReference section */

/* Begin XCSwiftPackageProductDependency section */
		53147ED3296C53D600120505 /* Geohash */ = {
			isa = XCSwiftPackageProductDependency;
			package = 53DADC34295C8F4100FEAE33 /* XCRemoteSwiftPackageReference "Geohash" */;
			productName = Geohash;
		};
		5339D2DA296C24E600522F2B /* Zoomable */ = {
			isa = XCSwiftPackageProductDependency;
			package = 5377D61E29688E450021D600 /* XCRemoteSwiftPackageReference "Zoomable" */;
			productName = Zoomable;
		};
		5339D2E6296C4CEE00522F2B /* Kingfisher */ = {
			isa = XCSwiftPackageProductDependency;
			package = 53506CAF2956AA340069F788 /* XCRemoteSwiftPackageReference "Kingfisher" */;
			productName = Kingfisher;
		};
		5339D2F0296C523700522F2B /* Zoomable */ = {
			isa = XCSwiftPackageProductDependency;
			package = 5377D61E29688E450021D600 /* XCRemoteSwiftPackageReference "Zoomable" */;
			productName = Zoomable;
		};
		53506CB02956AA340069F788 /* Kingfisher */ = {
			isa = XCSwiftPackageProductDependency;
			package = 53506CAF2956AA340069F788 /* XCRemoteSwiftPackageReference "Kingfisher" */;
			productName = Kingfisher;
		};
		5377D61F29688E450021D600 /* Zoomable */ = {
			isa = XCSwiftPackageProductDependency;
			package = 5377D61E29688E450021D600 /* XCRemoteSwiftPackageReference "Zoomable" */;
			productName = Zoomable;
		};
		53DADC35295C8F4100FEAE33 /* Geohash */ = {
			isa = XCSwiftPackageProductDependency;
			package = 53DADC34295C8F4100FEAE33 /* XCRemoteSwiftPackageReference "Geohash" */;
			productName = Geohash;
		};
		53DADC38295C8F7E00FEAE33 /* Polyline */ = {
			isa = XCSwiftPackageProductDependency;
			package = 53DADC37295C8F7E00FEAE33 /* XCRemoteSwiftPackageReference "Polyline" */;
			productName = Polyline;
		};
/* End XCSwiftPackageProductDependency section */
	};
	rootObject = 53D2A6F92950B0FE00B997CC /* Project object */;
}
